// !$*UTF8*$!
{
	archiveVersion = 1;
	classes = {
	};
	objectVersion = 70;
	objects = {

/* Begin PBXBuildFile section */
		2D4D68132B012F7500C8EFAA /* WebView in Frameworks */ = {isa = PBXBuildFile; productRef = 2D4D68122B012F7500C8EFAA /* WebView */; };
		2D4D68462B0176B500C8EFAA /* WebView in Frameworks */ = {isa = PBXBuildFile; productRef = 2D4D68452B0176B500C8EFAA /* WebView */; };
		2D4D68492B017A2A00C8EFAA /* AtomParser in Frameworks */ = {isa = PBXBuildFile; productRef = 2D4D68482B017A2A00C8EFAA /* AtomParser */; };
		2D4D68B82B099CCB00C8EFAA /* AtomURLResolver in Frameworks */ = {isa = PBXBuildFile; productRef = 2D4D68B72B099CCB00C8EFAA /* AtomURLResolver */; };
		2DAA20632AFEC5EA0098222E /* AtomParser in Frameworks */ = {isa = PBXBuildFile; productRef = 2DAA20622AFEC5EA0098222E /* AtomParser */; };
/* End PBXBuildFile section */

/* Begin PBXContainerItemProxy section */
		2DAA20452AFEC39F0098222E /* PBXContainerItemProxy */ = {
			isa = PBXContainerItemProxy;
			containerPortal = 2DAA202B2AFEC39D0098222E /* Project object */;
			proxyType = 1;
			remoteGlobalIDString = 2DAA20322AFEC39D0098222E;
			remoteInfo = AtomReader;
		};
/* End PBXContainerItemProxy section */

/* Begin PBXFileReference section */
		2D4D684A2B017A6E00C8EFAA /* README.md */ = {isa = PBXFileReference; lastKnownFileType = net.daringfireball.markdown; path = README.md; sourceTree = "<group>"; };
		2D4D68B52B099C9B00C8EFAA /* AtomURLResolver */ = {isa = PBXFileReference; lastKnownFileType = wrapper; path = AtomURLResolver; sourceTree = "<group>"; };
		2D52E61D2AFF02410089294A /* AtomReader.xctestplan */ = {isa = PBXFileReference; lastKnownFileType = text; path = AtomReader.xctestplan; sourceTree = "<group>"; };
		2DAA20332AFEC39D0098222E /* AtomReader.app */ = {isa = PBXFileReference; explicitFileType = wrapper.application; includeInIndex = 0; path = AtomReader.app; sourceTree = BUILT_PRODUCTS_DIR; };
		2DAA20442AFEC39F0098222E /* AtomReaderTests.xctest */ = {isa = PBXFileReference; explicitFileType = wrapper.cfbundle; includeInIndex = 0; path = AtomReaderTests.xctest; sourceTree = BUILT_PRODUCTS_DIR; };
/* End PBXFileReference section */

/* Begin PBXFileSystemSynchronizedBuildFileExceptionSet section */
		2D8C6CD22D6A594F003BDA08 /* PBXFileSystemSynchronizedBuildFileExceptionSet */ = {
			isa = PBXFileSystemSynchronizedBuildFileExceptionSet;
			membershipExceptions = (
				Debug/AppIconView.swift,
				Info.plist,
			);
			target = 2DAA20322AFEC39D0098222E /* AtomReader */;
		};
/* End PBXFileSystemSynchronizedBuildFileExceptionSet section */

/* Begin PBXFileSystemSynchronizedRootGroup section */
		2D8C6C972D6A594F003BDA08 /* AtomReader */ = {isa = PBXFileSystemSynchronizedRootGroup; exceptions = (2D8C6CD22D6A594F003BDA08 /* PBXFileSystemSynchronizedBuildFileExceptionSet */, ); explicitFileTypes = {}; explicitFolders = (); path = AtomReader; sourceTree = "<group>"; };
		2D8C6CE72D6A5955003BDA08 /* AtomReaderTests */ = {isa = PBXFileSystemSynchronizedRootGroup; explicitFileTypes = {}; explicitFolders = (); path = AtomReaderTests; sourceTree = "<group>"; };
/* End PBXFileSystemSynchronizedRootGroup section */

/* Begin PBXFrameworksBuildPhase section */
		2DAA20302AFEC39D0098222E /* Frameworks */ = {
			isa = PBXFrameworksBuildPhase;
			buildActionMask = 2147483647;
			files = (
				2D4D68492B017A2A00C8EFAA /* AtomParser in Frameworks */,
				2D4D68462B0176B500C8EFAA /* WebView in Frameworks */,
				2D4D68B82B099CCB00C8EFAA /* AtomURLResolver in Frameworks */,
				2D4D68132B012F7500C8EFAA /* WebView in Frameworks */,
				2DAA20632AFEC5EA0098222E /* AtomParser in Frameworks */,
			);
			runOnlyForDeploymentPostprocessing = 0;
		};
		2DAA20412AFEC39F0098222E /* Frameworks */ = {
			isa = PBXFrameworksBuildPhase;
			buildActionMask = 2147483647;
			files = (
			);
			runOnlyForDeploymentPostprocessing = 0;
		};
/* End PBXFrameworksBuildPhase section */

/* Begin PBXGroup section */
		2D4D68B62B099CCB00C8EFAA /* Frameworks */ = {
			isa = PBXGroup;
			children = (
			);
			name = Frameworks;
			sourceTree = "<group>";
		};
		2DAA202A2AFEC39D0098222E = {
			isa = PBXGroup;
			children = (
				2D52E61D2AFF02410089294A /* AtomReader.xctestplan */,
				2D4D684A2B017A6E00C8EFAA /* README.md */,
				2D4D68B52B099C9B00C8EFAA /* AtomURLResolver */,
				2D8C6C972D6A594F003BDA08 /* AtomReader */,
				2D8C6CE72D6A5955003BDA08 /* AtomReaderTests */,
				2DAA20342AFEC39D0098222E /* Products */,
				2D4D68B62B099CCB00C8EFAA /* Frameworks */,
			);
			sourceTree = "<group>";
		};
		2DAA20342AFEC39D0098222E /* Products */ = {
			isa = PBXGroup;
			children = (
				2DAA20332AFEC39D0098222E /* AtomReader.app */,
				2DAA20442AFEC39F0098222E /* AtomReaderTests.xctest */,
			);
			name = Products;
			sourceTree = "<group>";
		};
/* End PBXGroup section */

/* Begin PBXNativeTarget section */
		2DAA20322AFEC39D0098222E /* AtomReader */ = {
			isa = PBXNativeTarget;
			buildConfigurationList = 2DAA20582AFEC39F0098222E /* Build configuration list for PBXNativeTarget "AtomReader" */;
			buildPhases = (
				2DAA202F2AFEC39D0098222E /* Sources */,
				2DAA20302AFEC39D0098222E /* Frameworks */,
				2DAA20312AFEC39D0098222E /* Resources */,
			);
			buildRules = (
			);
			dependencies = (
			);
			fileSystemSynchronizedGroups = (
				2D8C6C972D6A594F003BDA08 /* AtomReader */,
			);
			name = AtomReader;
			packageProductDependencies = (
				2DAA20622AFEC5EA0098222E /* AtomParser */,
				2D4D68122B012F7500C8EFAA /* WebView */,
				2D4D68452B0176B500C8EFAA /* WebView */,
				2D4D68482B017A2A00C8EFAA /* AtomParser */,
				2D4D68B72B099CCB00C8EFAA /* AtomURLResolver */,
			);
			productName = AtomReader;
			productReference = 2DAA20332AFEC39D0098222E /* AtomReader.app */;
			productType = "com.apple.product-type.application";
		};
		2DAA20432AFEC39F0098222E /* AtomReaderTests */ = {
			isa = PBXNativeTarget;
			buildConfigurationList = 2DAA205B2AFEC39F0098222E /* Build configuration list for PBXNativeTarget "AtomReaderTests" */;
			buildPhases = (
				2DAA20402AFEC39F0098222E /* Sources */,
				2DAA20412AFEC39F0098222E /* Frameworks */,
				2DAA20422AFEC39F0098222E /* Resources */,
			);
			buildRules = (
			);
			dependencies = (
				2DAA20462AFEC39F0098222E /* PBXTargetDependency */,
			);
			fileSystemSynchronizedGroups = (
				2D8C6CE72D6A5955003BDA08 /* AtomReaderTests */,
			);
			name = AtomReaderTests;
			productName = AtomReaderTests;
			productReference = 2DAA20442AFEC39F0098222E /* AtomReaderTests.xctest */;
			productType = "com.apple.product-type.bundle.unit-test";
		};
/* End PBXNativeTarget section */

/* Begin PBXProject section */
		2DAA202B2AFEC39D0098222E /* Project object */ = {
			isa = PBXProject;
			attributes = {
				BuildIndependentTargetsInParallel = 1;
				LastSwiftUpdateCheck = 1500;
				LastUpgradeCheck = 1500;
				TargetAttributes = {
					2DAA20322AFEC39D0098222E = {
						CreatedOnToolsVersion = 15.0.1;
					};
					2DAA20432AFEC39F0098222E = {
						CreatedOnToolsVersion = 15.0.1;
						TestTargetID = 2DAA20322AFEC39D0098222E;
					};
				};
			};
			buildConfigurationList = 2DAA202E2AFEC39D0098222E /* Build configuration list for PBXProject "AtomReader" */;
			compatibilityVersion = "Xcode 14.0";
			developmentRegion = en;
			hasScannedForEncodings = 0;
			knownRegions = (
				en,
				Base,
			);
			mainGroup = 2DAA202A2AFEC39D0098222E;
			packageReferences = (
				2D4D68442B0176B500C8EFAA /* XCRemoteSwiftPackageReference "WebView" */,
				2D4D68472B017A2A00C8EFAA /* XCRemoteSwiftPackageReference "AtomParser" */,
			);
			productRefGroup = 2DAA20342AFEC39D0098222E /* Products */;
			projectDirPath = "";
			projectRoot = "";
			targets = (
				2DAA20322AFEC39D0098222E /* AtomReader */,
				2DAA20432AFEC39F0098222E /* AtomReaderTests */,
			);
		};
/* End PBXProject section */

/* Begin PBXResourcesBuildPhase section */
		2DAA20312AFEC39D0098222E /* Resources */ = {
			isa = PBXResourcesBuildPhase;
			buildActionMask = 2147483647;
			files = (
			);
			runOnlyForDeploymentPostprocessing = 0;
		};
		2DAA20422AFEC39F0098222E /* Resources */ = {
			isa = PBXResourcesBuildPhase;
			buildActionMask = 2147483647;
			files = (
			);
			runOnlyForDeploymentPostprocessing = 0;
		};
/* End PBXResourcesBuildPhase section */

/* Begin PBXSourcesBuildPhase section */
		2DAA202F2AFEC39D0098222E /* Sources */ = {
			isa = PBXSourcesBuildPhase;
			buildActionMask = 2147483647;
			files = (
			);
			runOnlyForDeploymentPostprocessing = 0;
		};
		2DAA20402AFEC39F0098222E /* Sources */ = {
			isa = PBXSourcesBuildPhase;
			buildActionMask = 2147483647;
			files = (
			);
			runOnlyForDeploymentPostprocessing = 0;
		};
/* End PBXSourcesBuildPhase section */

/* Begin PBXTargetDependency section */
		2DAA20462AFEC39F0098222E /* PBXTargetDependency */ = {
			isa = PBXTargetDependency;
			target = 2DAA20322AFEC39D0098222E /* AtomReader */;
			targetProxy = 2DAA20452AFEC39F0098222E /* PBXContainerItemProxy */;
		};
/* End PBXTargetDependency section */

/* Begin XCBuildConfiguration section */
		2DAA20562AFEC39F0098222E /* Debug */ = {
			isa = XCBuildConfiguration;
			buildSettings = {
				ALWAYS_SEARCH_USER_PATHS = NO;
				ASSETCATALOG_COMPILER_GENERATE_SWIFT_ASSET_SYMBOL_EXTENSIONS = YES;
				CLANG_ANALYZER_NONNULL = YES;
				CLANG_ANALYZER_NUMBER_OBJECT_CONVERSION = YES_AGGRESSIVE;
				CLANG_CXX_LANGUAGE_STANDARD = "gnu++20";
				CLANG_ENABLE_MODULES = YES;
				CLANG_ENABLE_OBJC_ARC = YES;
				CLANG_ENABLE_OBJC_WEAK = YES;
				CLANG_WARN_BLOCK_CAPTURE_AUTORELEASING = YES;
				CLANG_WARN_BOOL_CONVERSION = YES;
				CLANG_WARN_COMMA = YES;
				CLANG_WARN_CONSTANT_CONVERSION = YES;
				CLANG_WARN_DEPRECATED_OBJC_IMPLEMENTATIONS = YES;
				CLANG_WARN_DIRECT_OBJC_ISA_USAGE = YES_ERROR;
				CLANG_WARN_DOCUMENTATION_COMMENTS = YES;
				CLANG_WARN_EMPTY_BODY = YES;
				CLANG_WARN_ENUM_CONVERSION = YES;
				CLANG_WARN_INFINITE_RECURSION = YES;
				CLANG_WARN_INT_CONVERSION = YES;
				CLANG_WARN_NON_LITERAL_NULL_CONVERSION = YES;
				CLANG_WARN_OBJC_IMPLICIT_RETAIN_SELF = YES;
				CLANG_WARN_OBJC_LITERAL_CONVERSION = YES;
				CLANG_WARN_OBJC_ROOT_CLASS = YES_ERROR;
				CLANG_WARN_QUOTED_INCLUDE_IN_FRAMEWORK_HEADER = YES;
				CLANG_WARN_RANGE_LOOP_ANALYSIS = YES;
				CLANG_WARN_STRICT_PROTOTYPES = YES;
				CLANG_WARN_SUSPICIOUS_MOVE = YES;
				CLANG_WARN_UNGUARDED_AVAILABILITY = YES_AGGRESSIVE;
				CLANG_WARN_UNREACHABLE_CODE = YES;
				CLANG_WARN__DUPLICATE_METHOD_MATCH = YES;
				COPY_PHASE_STRIP = NO;
				DEBUG_INFORMATION_FORMAT = dwarf;
				ENABLE_STRICT_OBJC_MSGSEND = YES;
				ENABLE_TESTABILITY = YES;
				ENABLE_USER_SCRIPT_SANDBOXING = YES;
				GCC_C_LANGUAGE_STANDARD = gnu17;
				GCC_DYNAMIC_NO_PIC = NO;
				GCC_NO_COMMON_BLOCKS = YES;
				GCC_OPTIMIZATION_LEVEL = 0;
				GCC_PREPROCESSOR_DEFINITIONS = (
					"DEBUG=1",
					"$(inherited)",
				);
				GCC_WARN_64_TO_32_BIT_CONVERSION = YES;
				GCC_WARN_ABOUT_RETURN_TYPE = YES_ERROR;
				GCC_WARN_UNDECLARED_SELECTOR = YES;
				GCC_WARN_UNINITIALIZED_AUTOS = YES_AGGRESSIVE;
				GCC_WARN_UNUSED_FUNCTION = YES;
				GCC_WARN_UNUSED_VARIABLE = YES;
				LOCALIZATION_PREFERS_STRING_CATALOGS = YES;
				MTL_ENABLE_DEBUG_INFO = INCLUDE_SOURCE;
				MTL_FAST_MATH = YES;
				ONLY_ACTIVE_ARCH = YES;
				SWIFT_ACTIVE_COMPILATION_CONDITIONS = "DEBUG $(inherited)";
				SWIFT_OPTIMIZATION_LEVEL = "-Onone";
			};
			name = Debug;
		};
		2DAA20572AFEC39F0098222E /* Release */ = {
			isa = XCBuildConfiguration;
			buildSettings = {
				ALWAYS_SEARCH_USER_PATHS = NO;
				ASSETCATALOG_COMPILER_GENERATE_SWIFT_ASSET_SYMBOL_EXTENSIONS = YES;
				CLANG_ANALYZER_NONNULL = YES;
				CLANG_ANALYZER_NUMBER_OBJECT_CONVERSION = YES_AGGRESSIVE;
				CLANG_CXX_LANGUAGE_STANDARD = "gnu++20";
				CLANG_ENABLE_MODULES = YES;
				CLANG_ENABLE_OBJC_ARC = YES;
				CLANG_ENABLE_OBJC_WEAK = YES;
				CLANG_WARN_BLOCK_CAPTURE_AUTORELEASING = YES;
				CLANG_WARN_BOOL_CONVERSION = YES;
				CLANG_WARN_COMMA = YES;
				CLANG_WARN_CONSTANT_CONVERSION = YES;
				CLANG_WARN_DEPRECATED_OBJC_IMPLEMENTATIONS = YES;
				CLANG_WARN_DIRECT_OBJC_ISA_USAGE = YES_ERROR;
				CLANG_WARN_DOCUMENTATION_COMMENTS = YES;
				CLANG_WARN_EMPTY_BODY = YES;
				CLANG_WARN_ENUM_CONVERSION = YES;
				CLANG_WARN_INFINITE_RECURSION = YES;
				CLANG_WARN_INT_CONVERSION = YES;
				CLANG_WARN_NON_LITERAL_NULL_CONVERSION = YES;
				CLANG_WARN_OBJC_IMPLICIT_RETAIN_SELF = YES;
				CLANG_WARN_OBJC_LITERAL_CONVERSION = YES;
				CLANG_WARN_OBJC_ROOT_CLASS = YES_ERROR;
				CLANG_WARN_QUOTED_INCLUDE_IN_FRAMEWORK_HEADER = YES;
				CLANG_WARN_RANGE_LOOP_ANALYSIS = YES;
				CLANG_WARN_STRICT_PROTOTYPES = YES;
				CLANG_WARN_SUSPICIOUS_MOVE = YES;
				CLANG_WARN_UNGUARDED_AVAILABILITY = YES_AGGRESSIVE;
				CLANG_WARN_UNREACHABLE_CODE = YES;
				CLANG_WARN__DUPLICATE_METHOD_MATCH = YES;
				COPY_PHASE_STRIP = NO;
				DEBUG_INFORMATION_FORMAT = "dwarf-with-dsym";
				ENABLE_NS_ASSERTIONS = NO;
				ENABLE_STRICT_OBJC_MSGSEND = YES;
				ENABLE_USER_SCRIPT_SANDBOXING = YES;
				GCC_C_LANGUAGE_STANDARD = gnu17;
				GCC_NO_COMMON_BLOCKS = YES;
				GCC_WARN_64_TO_32_BIT_CONVERSION = YES;
				GCC_WARN_ABOUT_RETURN_TYPE = YES_ERROR;
				GCC_WARN_UNDECLARED_SELECTOR = YES;
				GCC_WARN_UNINITIALIZED_AUTOS = YES_AGGRESSIVE;
				GCC_WARN_UNUSED_FUNCTION = YES;
				GCC_WARN_UNUSED_VARIABLE = YES;
				LOCALIZATION_PREFERS_STRING_CATALOGS = YES;
				MTL_ENABLE_DEBUG_INFO = NO;
				MTL_FAST_MATH = YES;
				SWIFT_COMPILATION_MODE = wholemodule;
			};
			name = Release;
		};
		2DAA20592AFEC39F0098222E /* Debug */ = {
			isa = XCBuildConfiguration;
			buildSettings = {
				ASSETCATALOG_COMPILER_APPICON_NAME = AppIcon;
				ASSETCATALOG_COMPILER_GLOBAL_ACCENT_COLOR_NAME = AccentColor;
				CODE_SIGN_ENTITLEMENTS = AtomReader/AtomReader.entitlements;
				CODE_SIGN_STYLE = Automatic;
				CURRENT_PROJECT_VERSION = 1;
				DEVELOPMENT_ASSET_PATHS = "\"AtomReader/Preview Content\"";
				DEVELOPMENT_TEAM = VGG5HAF3L7;
				ENABLE_HARDENED_RUNTIME = YES;
				ENABLE_PREVIEWS = YES;
				GENERATE_INFOPLIST_FILE = YES;
				INFOPLIST_FILE = AtomReader/Info.plist;
				INFOPLIST_KEY_CFBundleDisplayName = "Atom Reader";
				"INFOPLIST_KEY_UIApplicationSceneManifest_Generation[sdk=iphoneos*]" = YES;
				"INFOPLIST_KEY_UIApplicationSceneManifest_Generation[sdk=iphonesimulator*]" = YES;
				"INFOPLIST_KEY_UIApplicationSupportsIndirectInputEvents[sdk=iphoneos*]" = YES;
				"INFOPLIST_KEY_UIApplicationSupportsIndirectInputEvents[sdk=iphonesimulator*]" = YES;
				"INFOPLIST_KEY_UILaunchScreen_Generation[sdk=iphoneos*]" = YES;
				"INFOPLIST_KEY_UILaunchScreen_Generation[sdk=iphonesimulator*]" = YES;
				"INFOPLIST_KEY_UIStatusBarStyle[sdk=iphoneos*]" = UIStatusBarStyleDefault;
				"INFOPLIST_KEY_UIStatusBarStyle[sdk=iphonesimulator*]" = UIStatusBarStyleDefault;
				INFOPLIST_KEY_UISupportedInterfaceOrientations_iPad = "UIInterfaceOrientationPortrait UIInterfaceOrientationPortraitUpsideDown UIInterfaceOrientationLandscapeLeft UIInterfaceOrientationLandscapeRight";
				INFOPLIST_KEY_UISupportedInterfaceOrientations_iPhone = "UIInterfaceOrientationPortrait UIInterfaceOrientationLandscapeLeft UIInterfaceOrientationLandscapeRight";
				IPHONEOS_DEPLOYMENT_TARGET = 17.0;
				LD_RUNPATH_SEARCH_PATHS = "@executable_path/Frameworks";
				"LD_RUNPATH_SEARCH_PATHS[sdk=macosx*]" = "@executable_path/../Frameworks";
				MACOSX_DEPLOYMENT_TARGET = 14.0;
				MARKETING_VERSION = 1.0;
				PRODUCT_BUNDLE_IDENTIFIER = com.sketch204.AtomReader;
				PRODUCT_NAME = "$(TARGET_NAME)";
				SDKROOT = auto;
				SUPPORTED_PLATFORMS = "iphoneos iphonesimulator macosx";
				SWIFT_EMIT_LOC_STRINGS = YES;
				SWIFT_VERSION = 5.0;
				TARGETED_DEVICE_FAMILY = "1,2";
			};
			name = Debug;
		};
		2DAA205A2AFEC39F0098222E /* Release */ = {
			isa = XCBuildConfiguration;
			buildSettings = {
				ASSETCATALOG_COMPILER_APPICON_NAME = AppIcon;
				ASSETCATALOG_COMPILER_GLOBAL_ACCENT_COLOR_NAME = AccentColor;
				CODE_SIGN_ENTITLEMENTS = AtomReader/AtomReader.entitlements;
				CODE_SIGN_STYLE = Automatic;
				CURRENT_PROJECT_VERSION = 1;
				DEVELOPMENT_ASSET_PATHS = "\"AtomReader/Preview Content\"";
				DEVELOPMENT_TEAM = VGG5HAF3L7;
				ENABLE_HARDENED_RUNTIME = YES;
				ENABLE_PREVIEWS = YES;
				GENERATE_INFOPLIST_FILE = YES;
				INFOPLIST_FILE = AtomReader/Info.plist;
				INFOPLIST_KEY_CFBundleDisplayName = "Atom Reader";
				"INFOPLIST_KEY_UIApplicationSceneManifest_Generation[sdk=iphoneos*]" = YES;
				"INFOPLIST_KEY_UIApplicationSceneManifest_Generation[sdk=iphonesimulator*]" = YES;
				"INFOPLIST_KEY_UIApplicationSupportsIndirectInputEvents[sdk=iphoneos*]" = YES;
				"INFOPLIST_KEY_UIApplicationSupportsIndirectInputEvents[sdk=iphonesimulator*]" = YES;
				"INFOPLIST_KEY_UILaunchScreen_Generation[sdk=iphoneos*]" = YES;
				"INFOPLIST_KEY_UILaunchScreen_Generation[sdk=iphonesimulator*]" = YES;
				"INFOPLIST_KEY_UIStatusBarStyle[sdk=iphoneos*]" = UIStatusBarStyleDefault;
				"INFOPLIST_KEY_UIStatusBarStyle[sdk=iphonesimulator*]" = UIStatusBarStyleDefault;
				INFOPLIST_KEY_UISupportedInterfaceOrientations_iPad = "UIInterfaceOrientationPortrait UIInterfaceOrientationPortraitUpsideDown UIInterfaceOrientationLandscapeLeft UIInterfaceOrientationLandscapeRight";
				INFOPLIST_KEY_UISupportedInterfaceOrientations_iPhone = "UIInterfaceOrientationPortrait UIInterfaceOrientationLandscapeLeft UIInterfaceOrientationLandscapeRight";
				IPHONEOS_DEPLOYMENT_TARGET = 17.0;
				LD_RUNPATH_SEARCH_PATHS = "@executable_path/Frameworks";
				"LD_RUNPATH_SEARCH_PATHS[sdk=macosx*]" = "@executable_path/../Frameworks";
				MACOSX_DEPLOYMENT_TARGET = 14.0;
				MARKETING_VERSION = 1.0;
				PRODUCT_BUNDLE_IDENTIFIER = com.sketch204.AtomReader;
				PRODUCT_NAME = "$(TARGET_NAME)";
				SDKROOT = auto;
				SUPPORTED_PLATFORMS = "iphoneos iphonesimulator macosx";
				SWIFT_EMIT_LOC_STRINGS = YES;
				SWIFT_VERSION = 5.0;
				TARGETED_DEVICE_FAMILY = "1,2";
			};
			name = Release;
		};
		2DAA205C2AFEC39F0098222E /* Debug */ = {
			isa = XCBuildConfiguration;
			buildSettings = {
				BUNDLE_LOADER = "$(TEST_HOST)";
				CODE_SIGN_STYLE = Automatic;
				CURRENT_PROJECT_VERSION = 1;
				DEVELOPMENT_TEAM = VGG5HAF3L7;
				GENERATE_INFOPLIST_FILE = YES;
				IPHONEOS_DEPLOYMENT_TARGET = 17.0;
				MACOSX_DEPLOYMENT_TARGET = 14.0;
				MARKETING_VERSION = 1.0;
				PRODUCT_BUNDLE_IDENTIFIER = com.sketch204.AtomReaderTests;
				PRODUCT_NAME = "$(TARGET_NAME)";
				SDKROOT = auto;
				SUPPORTED_PLATFORMS = "iphoneos iphonesimulator macosx";
				SWIFT_EMIT_LOC_STRINGS = NO;
				SWIFT_VERSION = 5.0;
				TARGETED_DEVICE_FAMILY = "1,2";
				TEST_HOST = "$(BUILT_PRODUCTS_DIR)/AtomReader.app/$(BUNDLE_EXECUTABLE_FOLDER_PATH)/AtomReader";
			};
			name = Debug;
		};
		2DAA205D2AFEC39F0098222E /* Release */ = {
			isa = XCBuildConfiguration;
			buildSettings = {
				BUNDLE_LOADER = "$(TEST_HOST)";
				CODE_SIGN_STYLE = Automatic;
				CURRENT_PROJECT_VERSION = 1;
				DEVELOPMENT_TEAM = VGG5HAF3L7;
				GENERATE_INFOPLIST_FILE = YES;
				IPHONEOS_DEPLOYMENT_TARGET = 17.0;
				MACOSX_DEPLOYMENT_TARGET = 14.0;
				MARKETING_VERSION = 1.0;
				PRODUCT_BUNDLE_IDENTIFIER = com.sketch204.AtomReaderTests;
				PRODUCT_NAME = "$(TARGET_NAME)";
				SDKROOT = auto;
				SUPPORTED_PLATFORMS = "iphoneos iphonesimulator macosx";
				SWIFT_EMIT_LOC_STRINGS = NO;
				SWIFT_VERSION = 5.0;
				TARGETED_DEVICE_FAMILY = "1,2";
				TEST_HOST = "$(BUILT_PRODUCTS_DIR)/AtomReader.app/$(BUNDLE_EXECUTABLE_FOLDER_PATH)/AtomReader";
			};
			name = Release;
		};
/* End XCBuildConfiguration section */

/* Begin XCConfigurationList section */
		2DAA202E2AFEC39D0098222E /* Build configuration list for PBXProject "AtomReader" */ = {
			isa = XCConfigurationList;
			buildConfigurations = (
				2DAA20562AFEC39F0098222E /* Debug */,
				2DAA20572AFEC39F0098222E /* Release */,
			);
			defaultConfigurationIsVisible = 0;
			defaultConfigurationName = Release;
		};
		2DAA20582AFEC39F0098222E /* Build configuration list for PBXNativeTarget "AtomReader" */ = {
			isa = XCConfigurationList;
			buildConfigurations = (
				2DAA20592AFEC39F0098222E /* Debug */,
				2DAA205A2AFEC39F0098222E /* Release */,
			);
			defaultConfigurationIsVisible = 0;
			defaultConfigurationName = Release;
		};
		2DAA205B2AFEC39F0098222E /* Build configuration list for PBXNativeTarget "AtomReaderTests" */ = {
			isa = XCConfigurationList;
			buildConfigurations = (
				2DAA205C2AFEC39F0098222E /* Debug */,
				2DAA205D2AFEC39F0098222E /* Release */,
			);
			defaultConfigurationIsVisible = 0;
			defaultConfigurationName = Release;
		};
/* End XCConfigurationList section */

/* Begin XCRemoteSwiftPackageReference section */
		2D4D68442B0176B500C8EFAA /* XCRemoteSwiftPackageReference "WebView" */ = {
			isa = XCRemoteSwiftPackageReference;
			repositoryURL = "https://github.com/sketch204/WebView/";
			requirement = {
				kind = upToNextMinorVersion;
				minimumVersion = 1.0.0;
			};
		};
		2D4D68472B017A2A00C8EFAA /* XCRemoteSwiftPackageReference "AtomParser" */ = {
			isa = XCRemoteSwiftPackageReference;
			repositoryURL = "https://github.com/sketch204/AtomParser";
			requirement = {
				kind = upToNextMinorVersion;
				minimumVersion = 1.1.0;
			};
		};
/* End XCRemoteSwiftPackageReference section */

/* Begin XCSwiftPackageProductDependency section */
		2D4D68122B012F7500C8EFAA /* WebView */ = {
			isa = XCSwiftPackageProductDependency;
			productName = WebView;
		};
		2D4D68452B0176B500C8EFAA /* WebView */ = {
			isa = XCSwiftPackageProductDependency;
			package = 2D4D68442B0176B500C8EFAA /* XCRemoteSwiftPackageReference "WebView" */;
			productName = WebView;
		};
		2D4D68482B017A2A00C8EFAA /* AtomParser */ = {
			isa = XCSwiftPackageProductDependency;
			package = 2D4D68472B017A2A00C8EFAA /* XCRemoteSwiftPackageReference "AtomParser" */;
			productName = AtomParser;
		};
		2D4D68B72B099CCB00C8EFAA /* AtomURLResolver */ = {
			isa = XCSwiftPackageProductDependency;
			productName = AtomURLResolver;
		};
		2DAA20622AFEC5EA0098222E /* AtomParser */ = {
			isa = XCSwiftPackageProductDependency;
			productName = AtomParser;
		};
/* End XCSwiftPackageProductDependency section */
	};
	rootObject = 2DAA202B2AFEC39D0098222E /* Project object */;
}
