// !$*UTF8*$!
{
	archiveVersion = 1;
	classes = {
	};
	objectVersion = 56;
	objects = {

/* Begin PBXBuildFile section */
		2D2EE08C2AFF0600006C4E14 /* StorePersistenceTests.swift in Sources */ = {isa = PBXBuildFile; fileRef = 2D2EE08B2AFF0600006C4E14 /* StorePersistenceTests.swift */; };
		2D2EE08E2AFF0611006C4E14 /* TestData.swift in Sources */ = {isa = PBXBuildFile; fileRef = 2D2EE08D2AFF0611006C4E14 /* TestData.swift */; };
		2D4D67EF2AFF231E00C8EFAA /* FeedProvider.swift in Sources */ = {isa = PBXBuildFile; fileRef = 2D4D67EE2AFF231E00C8EFAA /* FeedProvider.swift */; };
		2D4D67F12AFF29E500C8EFAA /* URLSessionBasedNetworkInterface.swift in Sources */ = {isa = PBXBuildFile; fileRef = 2D4D67F02AFF29E500C8EFAA /* URLSessionBasedNetworkInterface.swift */; };
		2D4D67F32AFF2A5900C8EFAA /* FeedProviderTests.swift in Sources */ = {isa = PBXBuildFile; fileRef = 2D4D67F22AFF2A5900C8EFAA /* FeedProviderTests.swift */; };
		2D4D67F82AFF2FAF00C8EFAA /* ForEachFeed.swift in Sources */ = {isa = PBXBuildFile; fileRef = 2D4D67F72AFF2FAF00C8EFAA /* ForEachFeed.swift */; };
		2D4D67FE2AFF31B100C8EFAA /* ArticleListView.swift in Sources */ = {isa = PBXBuildFile; fileRef = 2D4D67FD2AFF31B100C8EFAA /* ArticleListView.swift */; };
		2D4D68002AFF31EB00C8EFAA /* ArticleRowView.swift in Sources */ = {isa = PBXBuildFile; fileRef = 2D4D67FF2AFF31EB00C8EFAA /* ArticleRowView.swift */; };
		2D4D68032AFF32A600C8EFAA /* Store+View.swift in Sources */ = {isa = PBXBuildFile; fileRef = 2D4D68022AFF32A600C8EFAA /* Store+View.swift */; };
		2D4D68052B00669E00C8EFAA /* AddFeedView.swift in Sources */ = {isa = PBXBuildFile; fileRef = 2D4D68042B00669E00C8EFAA /* AddFeedView.swift */; };
		2D4D68072B00716500C8EFAA /* FileBasedPersistenceManager.swift in Sources */ = {isa = PBXBuildFile; fileRef = 2D4D68062B00716500C8EFAA /* FileBasedPersistenceManager.swift */; };
		2D4D680A2B00790100C8EFAA /* FeedDTO.swift in Sources */ = {isa = PBXBuildFile; fileRef = 2D4D68092B00790100C8EFAA /* FeedDTO.swift */; };
		2D4D680C2B00795300C8EFAA /* ArticleDTO.swift in Sources */ = {isa = PBXBuildFile; fileRef = 2D4D680B2B00795300C8EFAA /* ArticleDTO.swift */; };
		2D4D68132B012F7500C8EFAA /* WebView in Frameworks */ = {isa = PBXBuildFile; productRef = 2D4D68122B012F7500C8EFAA /* WebView */; };
		2D4D68162B0134D100C8EFAA /* ArticleFilter.swift in Sources */ = {isa = PBXBuildFile; fileRef = 2D4D68152B0134D100C8EFAA /* ArticleFilter.swift */; };
		2D4D681E2B01374A00C8EFAA /* ArticleFilterView.swift in Sources */ = {isa = PBXBuildFile; fileRef = 2D4D681D2B01374A00C8EFAA /* ArticleFilterView.swift */; };
		2D4D68202B01380C00C8EFAA /* Store+Previews.swift in Sources */ = {isa = PBXBuildFile; fileRef = 2D4D681F2B01380C00C8EFAA /* Store+Previews.swift */; };
		2D4D68222B01383500C8EFAA /* Feed+Preview.swift in Sources */ = {isa = PBXBuildFile; fileRef = 2D4D68212B01383500C8EFAA /* Feed+Preview.swift */; };
		2D4D68242B0138A900C8EFAA /* Article+Preview.swift in Sources */ = {isa = PBXBuildFile; fileRef = 2D4D68232B0138A900C8EFAA /* Article+Preview.swift */; };
		2D4D68262B01397A00C8EFAA /* PreviewStoreDataProvider.swift in Sources */ = {isa = PBXBuildFile; fileRef = 2D4D68252B01397A00C8EFAA /* PreviewStoreDataProvider.swift */; };
		2D4D68282B013A3100C8EFAA /* View+PreviewStore.swift in Sources */ = {isa = PBXBuildFile; fileRef = 2D4D68272B013A3100C8EFAA /* View+PreviewStore.swift */; };
		2D4D682B2B013DB800C8EFAA /* ArticleListViewModel.swift in Sources */ = {isa = PBXBuildFile; fileRef = 2D4D682A2B013DB800C8EFAA /* ArticleListViewModel.swift */; };
		2D4D682F2B01426400C8EFAA /* ArticleListViewModelTests.swift in Sources */ = {isa = PBXBuildFile; fileRef = 2D4D682E2B01426400C8EFAA /* ArticleListViewModelTests.swift */; };
		2D4D68322B01457400C8EFAA /* MockDataProvider.swift in Sources */ = {isa = PBXBuildFile; fileRef = 2D4D68312B01457400C8EFAA /* MockDataProvider.swift */; };
		2D4D68342B01458F00C8EFAA /* Entities+CustomStringConvertable.swift in Sources */ = {isa = PBXBuildFile; fileRef = 2D4D68332B01458F00C8EFAA /* Entities+CustomStringConvertable.swift */; };
		2D4D68362B0145B000C8EFAA /* DelayedDataProvider.swift in Sources */ = {isa = PBXBuildFile; fileRef = 2D4D68352B0145B000C8EFAA /* DelayedDataProvider.swift */; };
		2D4D68382B014AD000C8EFAA /* AppActions.swift in Sources */ = {isa = PBXBuildFile; fileRef = 2D4D68372B014AD000C8EFAA /* AppActions.swift */; };
		2D4D683B2B014CAE00C8EFAA /* AddFeedAction.swift in Sources */ = {isa = PBXBuildFile; fileRef = 2D4D683A2B014CAE00C8EFAA /* AddFeedAction.swift */; };
		2D4D683D2B014FE500C8EFAA /* AppActionButton.swift in Sources */ = {isa = PBXBuildFile; fileRef = 2D4D683C2B014FE500C8EFAA /* AppActionButton.swift */; };
		2D4D683F2B0151BA00C8EFAA /* OpenArticleAction.swift in Sources */ = {isa = PBXBuildFile; fileRef = 2D4D683E2B0151BA00C8EFAA /* OpenArticleAction.swift */; };
		2D4D68412B01670D00C8EFAA /* RemoveFeedAction.swift in Sources */ = {isa = PBXBuildFile; fileRef = 2D4D68402B01670D00C8EFAA /* RemoveFeedAction.swift */; };
		2D4D68462B0176B500C8EFAA /* WebView in Frameworks */ = {isa = PBXBuildFile; productRef = 2D4D68452B0176B500C8EFAA /* WebView */; };
		2D4D68492B017A2A00C8EFAA /* AtomParser in Frameworks */ = {isa = PBXBuildFile; productRef = 2D4D68482B017A2A00C8EFAA /* AtomParser */; };
		2D4D684F2B01D17400C8EFAA /* Logging.swift in Sources */ = {isa = PBXBuildFile; fileRef = 2D4D684E2B01D17400C8EFAA /* Logging.swift */; };
		2D4D68512B01D1D600C8EFAA /* Bundle+Helpers.swift in Sources */ = {isa = PBXBuildFile; fileRef = 2D4D68502B01D1D600C8EFAA /* Bundle+Helpers.swift */; };
		2D4D68542B030C2500C8EFAA /* FeedProviderRSSParsingTests.swift in Sources */ = {isa = PBXBuildFile; fileRef = 2D4D68532B030C2500C8EFAA /* FeedProviderRSSParsingTests.swift */; };
		2D4D68562B030C4A00C8EFAA /* MockNetworkInterface.swift in Sources */ = {isa = PBXBuildFile; fileRef = 2D4D68552B030C4A00C8EFAA /* MockNetworkInterface.swift */; };
		2D4D68582B030C8300C8EFAA /* FeedProviderAtomParsingTests.swift in Sources */ = {isa = PBXBuildFile; fileRef = 2D4D68572B030C8300C8EFAA /* FeedProviderAtomParsingTests.swift */; };
		2D4D685A2B0313BD00C8EFAA /* FeedProviderUtilsTests.swift in Sources */ = {isa = PBXBuildFile; fileRef = 2D4D68592B0313BD00C8EFAA /* FeedProviderUtilsTests.swift */; };
		2D4D685C2B031FB700C8EFAA /* Feed+Unknown.swift in Sources */ = {isa = PBXBuildFile; fileRef = 2D4D685B2B031FB700C8EFAA /* Feed+Unknown.swift */; };
		2D4D685F2B056D0B00C8EFAA /* RenameFeedView.swift in Sources */ = {isa = PBXBuildFile; fileRef = 2D4D685E2B056D0B00C8EFAA /* RenameFeedView.swift */; };
		2D4D68622B05756F00C8EFAA /* RenameFeedAction.swift in Sources */ = {isa = PBXBuildFile; fileRef = 2D4D68612B05756F00C8EFAA /* RenameFeedAction.swift */; };
		2D4D68662B0576B700C8EFAA /* FeedRowView.swift in Sources */ = {isa = PBXBuildFile; fileRef = 2D4D68652B0576B700C8EFAA /* FeedRowView.swift */; };
		2D4D68682B05770C00C8EFAA /* Feed+View.swift in Sources */ = {isa = PBXBuildFile; fileRef = 2D4D68672B05770C00C8EFAA /* Feed+View.swift */; };
		2D4D686B2B05851A00C8EFAA /* ReadingHistoryStore.swift in Sources */ = {isa = PBXBuildFile; fileRef = 2D4D686A2B05851A00C8EFAA /* ReadingHistoryStore.swift */; };
		2D4D686D2B0585A600C8EFAA /* ReadArticle.swift in Sources */ = {isa = PBXBuildFile; fileRef = 2D4D686C2B0585A600C8EFAA /* ReadArticle.swift */; };
		2D4D686F2B05876F00C8EFAA /* ReadingHistoryStoreTests.swift in Sources */ = {isa = PBXBuildFile; fileRef = 2D4D686E2B05876F00C8EFAA /* ReadingHistoryStoreTests.swift */; };
		2D4D68712B058BE200C8EFAA /* ReadingHistoryStorePersistenceTests.swift in Sources */ = {isa = PBXBuildFile; fileRef = 2D4D68702B058BE200C8EFAA /* ReadingHistoryStorePersistenceTests.swift */; };
		2D4D68732B058E9F00C8EFAA /* ReadArticleDTO.swift in Sources */ = {isa = PBXBuildFile; fileRef = 2D4D68722B058E9F00C8EFAA /* ReadArticleDTO.swift */; };
		2D4D68752B0591B700C8EFAA /* DefaultPersistenceManagerIO.swift in Sources */ = {isa = PBXBuildFile; fileRef = 2D4D68742B0591B700C8EFAA /* DefaultPersistenceManagerIO.swift */; };
		2D4D689F2B0955BA00C8EFAA /* AppIconDark@2x.png in Resources */ = {isa = PBXBuildFile; fileRef = 2D4D689D2B0955BA00C8EFAA /* AppIconDark@2x.png */; };
		2D4D68A02B0955BA00C8EFAA /* AppIconDark@3x.png in Resources */ = {isa = PBXBuildFile; fileRef = 2D4D689E2B0955BA00C8EFAA /* AppIconDark@3x.png */; };
		2D4D68A42B09571E00C8EFAA /* AppIconLight@3x.png in Resources */ = {isa = PBXBuildFile; fileRef = 2D4D68A22B09571E00C8EFAA /* AppIconLight@3x.png */; };
		2D4D68A52B09571E00C8EFAA /* AppIconLight@2x.png in Resources */ = {isa = PBXBuildFile; fileRef = 2D4D68A32B09571E00C8EFAA /* AppIconLight@2x.png */; };
		2D4D68A92B095D8000C8EFAA /* SettingsView.swift in Sources */ = {isa = PBXBuildFile; fileRef = 2D4D68A82B095D8000C8EFAA /* SettingsView.swift */; };
		2D4D68AB2B095DDB00C8EFAA /* SettingKeys.swift in Sources */ = {isa = PBXBuildFile; fileRef = 2D4D68AA2B095DDB00C8EFAA /* SettingKeys.swift */; };
		2D4D68AD2B09671600C8EFAA /* AppIconPickerView.swift in Sources */ = {isa = PBXBuildFile; fileRef = 2D4D68AC2B09671600C8EFAA /* AppIconPickerView.swift */; };
		2D4D68AF2B0968FF00C8EFAA /* AppIcon.swift in Sources */ = {isa = PBXBuildFile; fileRef = 2D4D68AE2B0968FF00C8EFAA /* AppIcon.swift */; };
		2D4D68B12B09696700C8EFAA /* AppIcon+Image.swift in Sources */ = {isa = PBXBuildFile; fileRef = 2D4D68B02B09696700C8EFAA /* AppIcon+Image.swift */; };
		2D4D68B82B099CCB00C8EFAA /* AtomURLResolver in Frameworks */ = {isa = PBXBuildFile; productRef = 2D4D68B72B099CCB00C8EFAA /* AtomURLResolver */; };
		2D4D68BE2B09BB9400C8EFAA /* FeedPreviewer.swift in Sources */ = {isa = PBXBuildFile; fileRef = 2D4D68BD2B09BB9400C8EFAA /* FeedPreviewer.swift */; };
		2D4D68C12B0A60C500C8EFAA /* FeedPreviewerTests.swift in Sources */ = {isa = PBXBuildFile; fileRef = 2D4D68C02B0A60C500C8EFAA /* FeedPreviewerTests.swift */; };
		2DAA20372AFEC39D0098222E /* AtomReaderApp.swift in Sources */ = {isa = PBXBuildFile; fileRef = 2DAA20362AFEC39D0098222E /* AtomReaderApp.swift */; };
		2DAA20392AFEC39D0098222E /* ContentView.swift in Sources */ = {isa = PBXBuildFile; fileRef = 2DAA20382AFEC39D0098222E /* ContentView.swift */; };
		2DAA203B2AFEC39F0098222E /* Assets.xcassets in Resources */ = {isa = PBXBuildFile; fileRef = 2DAA203A2AFEC39F0098222E /* Assets.xcassets */; };
		2DAA203F2AFEC39F0098222E /* Preview Assets.xcassets in Resources */ = {isa = PBXBuildFile; fileRef = 2DAA203E2AFEC39F0098222E /* Preview Assets.xcassets */; };
		2DAA20632AFEC5EA0098222E /* AtomParser in Frameworks */ = {isa = PBXBuildFile; productRef = 2DAA20622AFEC5EA0098222E /* AtomParser */; };
		2DAA20652AFEFB320098222E /* Article.swift in Sources */ = {isa = PBXBuildFile; fileRef = 2DAA20642AFEFB320098222E /* Article.swift */; };
		2DAA20672AFEFB900098222E /* Feed.swift in Sources */ = {isa = PBXBuildFile; fileRef = 2DAA20662AFEFB900098222E /* Feed.swift */; };
		2DAA20692AFEFD1C0098222E /* Store.swift in Sources */ = {isa = PBXBuildFile; fileRef = 2DAA20682AFEFD1C0098222E /* Store.swift */; };
		2DAA206B2AFEFF110098222E /* StoreTests.swift in Sources */ = {isa = PBXBuildFile; fileRef = 2DAA206A2AFEFF110098222E /* StoreTests.swift */; };
/* End PBXBuildFile section */

/* Begin PBXContainerItemProxy section */
		2DAA20452AFEC39F0098222E /* PBXContainerItemProxy */ = {
			isa = PBXContainerItemProxy;
			containerPortal = 2DAA202B2AFEC39D0098222E /* Project object */;
			proxyType = 1;
			remoteGlobalIDString = 2DAA20322AFEC39D0098222E;
			remoteInfo = AtomReader;
		};
/* End PBXContainerItemProxy section */

/* Begin PBXFileReference section */
		2D2EE08B2AFF0600006C4E14 /* StorePersistenceTests.swift */ = {isa = PBXFileReference; lastKnownFileType = sourcecode.swift; path = StorePersistenceTests.swift; sourceTree = "<group>"; };
		2D2EE08D2AFF0611006C4E14 /* TestData.swift */ = {isa = PBXFileReference; lastKnownFileType = sourcecode.swift; path = TestData.swift; sourceTree = "<group>"; };
		2D4D67EE2AFF231E00C8EFAA /* FeedProvider.swift */ = {isa = PBXFileReference; lastKnownFileType = sourcecode.swift; path = FeedProvider.swift; sourceTree = "<group>"; };
		2D4D67F02AFF29E500C8EFAA /* URLSessionBasedNetworkInterface.swift */ = {isa = PBXFileReference; lastKnownFileType = sourcecode.swift; path = URLSessionBasedNetworkInterface.swift; sourceTree = "<group>"; };
		2D4D67F22AFF2A5900C8EFAA /* FeedProviderTests.swift */ = {isa = PBXFileReference; lastKnownFileType = sourcecode.swift; path = FeedProviderTests.swift; sourceTree = "<group>"; };
		2D4D67F72AFF2FAF00C8EFAA /* ForEachFeed.swift */ = {isa = PBXFileReference; lastKnownFileType = sourcecode.swift; path = ForEachFeed.swift; sourceTree = "<group>"; };
		2D4D67FD2AFF31B100C8EFAA /* ArticleListView.swift */ = {isa = PBXFileReference; lastKnownFileType = sourcecode.swift; path = ArticleListView.swift; sourceTree = "<group>"; };
		2D4D67FF2AFF31EB00C8EFAA /* ArticleRowView.swift */ = {isa = PBXFileReference; lastKnownFileType = sourcecode.swift; path = ArticleRowView.swift; sourceTree = "<group>"; };
		2D4D68022AFF32A600C8EFAA /* Store+View.swift */ = {isa = PBXFileReference; lastKnownFileType = sourcecode.swift; path = "Store+View.swift"; sourceTree = "<group>"; };
		2D4D68042B00669E00C8EFAA /* AddFeedView.swift */ = {isa = PBXFileReference; lastKnownFileType = sourcecode.swift; path = AddFeedView.swift; sourceTree = "<group>"; };
		2D4D68062B00716500C8EFAA /* FileBasedPersistenceManager.swift */ = {isa = PBXFileReference; lastKnownFileType = sourcecode.swift; path = FileBasedPersistenceManager.swift; sourceTree = "<group>"; };
		2D4D68092B00790100C8EFAA /* FeedDTO.swift */ = {isa = PBXFileReference; lastKnownFileType = sourcecode.swift; path = FeedDTO.swift; sourceTree = "<group>"; };
		2D4D680B2B00795300C8EFAA /* ArticleDTO.swift */ = {isa = PBXFileReference; lastKnownFileType = sourcecode.swift; path = ArticleDTO.swift; sourceTree = "<group>"; };
		2D4D68152B0134D100C8EFAA /* ArticleFilter.swift */ = {isa = PBXFileReference; lastKnownFileType = sourcecode.swift; path = ArticleFilter.swift; sourceTree = "<group>"; };
		2D4D681D2B01374A00C8EFAA /* ArticleFilterView.swift */ = {isa = PBXFileReference; lastKnownFileType = sourcecode.swift; path = ArticleFilterView.swift; sourceTree = "<group>"; };
		2D4D681F2B01380C00C8EFAA /* Store+Previews.swift */ = {isa = PBXFileReference; lastKnownFileType = sourcecode.swift; path = "Store+Previews.swift"; sourceTree = "<group>"; };
		2D4D68212B01383500C8EFAA /* Feed+Preview.swift */ = {isa = PBXFileReference; lastKnownFileType = sourcecode.swift; path = "Feed+Preview.swift"; sourceTree = "<group>"; };
		2D4D68232B0138A900C8EFAA /* Article+Preview.swift */ = {isa = PBXFileReference; lastKnownFileType = sourcecode.swift; path = "Article+Preview.swift"; sourceTree = "<group>"; };
		2D4D68252B01397A00C8EFAA /* PreviewStoreDataProvider.swift */ = {isa = PBXFileReference; lastKnownFileType = sourcecode.swift; path = PreviewStoreDataProvider.swift; sourceTree = "<group>"; };
		2D4D68272B013A3100C8EFAA /* View+PreviewStore.swift */ = {isa = PBXFileReference; lastKnownFileType = sourcecode.swift; path = "View+PreviewStore.swift"; sourceTree = "<group>"; };
		2D4D682A2B013DB800C8EFAA /* ArticleListViewModel.swift */ = {isa = PBXFileReference; lastKnownFileType = sourcecode.swift; path = ArticleListViewModel.swift; sourceTree = "<group>"; };
		2D4D682E2B01426400C8EFAA /* ArticleListViewModelTests.swift */ = {isa = PBXFileReference; lastKnownFileType = sourcecode.swift; path = ArticleListViewModelTests.swift; sourceTree = "<group>"; };
		2D4D68312B01457400C8EFAA /* MockDataProvider.swift */ = {isa = PBXFileReference; lastKnownFileType = sourcecode.swift; path = MockDataProvider.swift; sourceTree = "<group>"; };
		2D4D68332B01458F00C8EFAA /* Entities+CustomStringConvertable.swift */ = {isa = PBXFileReference; lastKnownFileType = sourcecode.swift; path = "Entities+CustomStringConvertable.swift"; sourceTree = "<group>"; };
		2D4D68352B0145B000C8EFAA /* DelayedDataProvider.swift */ = {isa = PBXFileReference; lastKnownFileType = sourcecode.swift; path = DelayedDataProvider.swift; sourceTree = "<group>"; };
		2D4D68372B014AD000C8EFAA /* AppActions.swift */ = {isa = PBXFileReference; lastKnownFileType = sourcecode.swift; path = AppActions.swift; sourceTree = "<group>"; };
		2D4D683A2B014CAE00C8EFAA /* AddFeedAction.swift */ = {isa = PBXFileReference; lastKnownFileType = sourcecode.swift; path = AddFeedAction.swift; sourceTree = "<group>"; };
		2D4D683C2B014FE500C8EFAA /* AppActionButton.swift */ = {isa = PBXFileReference; lastKnownFileType = sourcecode.swift; path = AppActionButton.swift; sourceTree = "<group>"; };
		2D4D683E2B0151BA00C8EFAA /* OpenArticleAction.swift */ = {isa = PBXFileReference; lastKnownFileType = sourcecode.swift; path = OpenArticleAction.swift; sourceTree = "<group>"; };
		2D4D68402B01670D00C8EFAA /* RemoveFeedAction.swift */ = {isa = PBXFileReference; lastKnownFileType = sourcecode.swift; path = RemoveFeedAction.swift; sourceTree = "<group>"; };
		2D4D684A2B017A6E00C8EFAA /* README.md */ = {isa = PBXFileReference; lastKnownFileType = net.daringfireball.markdown; path = README.md; sourceTree = "<group>"; };
		2D4D684E2B01D17400C8EFAA /* Logging.swift */ = {isa = PBXFileReference; lastKnownFileType = sourcecode.swift; path = Logging.swift; sourceTree = "<group>"; };
		2D4D68502B01D1D600C8EFAA /* Bundle+Helpers.swift */ = {isa = PBXFileReference; lastKnownFileType = sourcecode.swift; path = "Bundle+Helpers.swift"; sourceTree = "<group>"; };
		2D4D68532B030C2500C8EFAA /* FeedProviderRSSParsingTests.swift */ = {isa = PBXFileReference; lastKnownFileType = sourcecode.swift; path = FeedProviderRSSParsingTests.swift; sourceTree = "<group>"; };
		2D4D68552B030C4A00C8EFAA /* MockNetworkInterface.swift */ = {isa = PBXFileReference; lastKnownFileType = sourcecode.swift; path = MockNetworkInterface.swift; sourceTree = "<group>"; };
		2D4D68572B030C8300C8EFAA /* FeedProviderAtomParsingTests.swift */ = {isa = PBXFileReference; lastKnownFileType = sourcecode.swift; path = FeedProviderAtomParsingTests.swift; sourceTree = "<group>"; };
		2D4D68592B0313BD00C8EFAA /* FeedProviderUtilsTests.swift */ = {isa = PBXFileReference; lastKnownFileType = sourcecode.swift; path = FeedProviderUtilsTests.swift; sourceTree = "<group>"; };
		2D4D685B2B031FB700C8EFAA /* Feed+Unknown.swift */ = {isa = PBXFileReference; lastKnownFileType = sourcecode.swift; path = "Feed+Unknown.swift"; sourceTree = "<group>"; };
		2D4D685E2B056D0B00C8EFAA /* RenameFeedView.swift */ = {isa = PBXFileReference; lastKnownFileType = sourcecode.swift; path = RenameFeedView.swift; sourceTree = "<group>"; };
		2D4D68612B05756F00C8EFAA /* RenameFeedAction.swift */ = {isa = PBXFileReference; lastKnownFileType = sourcecode.swift; path = RenameFeedAction.swift; sourceTree = "<group>"; };
		2D4D68652B0576B700C8EFAA /* FeedRowView.swift */ = {isa = PBXFileReference; lastKnownFileType = sourcecode.swift; path = FeedRowView.swift; sourceTree = "<group>"; };
		2D4D68672B05770C00C8EFAA /* Feed+View.swift */ = {isa = PBXFileReference; lastKnownFileType = sourcecode.swift; path = "Feed+View.swift"; sourceTree = "<group>"; };
		2D4D686A2B05851A00C8EFAA /* ReadingHistoryStore.swift */ = {isa = PBXFileReference; lastKnownFileType = sourcecode.swift; path = ReadingHistoryStore.swift; sourceTree = "<group>"; };
		2D4D686C2B0585A600C8EFAA /* ReadArticle.swift */ = {isa = PBXFileReference; lastKnownFileType = sourcecode.swift; path = ReadArticle.swift; sourceTree = "<group>"; };
		2D4D686E2B05876F00C8EFAA /* ReadingHistoryStoreTests.swift */ = {isa = PBXFileReference; lastKnownFileType = sourcecode.swift; path = ReadingHistoryStoreTests.swift; sourceTree = "<group>"; };
		2D4D68702B058BE200C8EFAA /* ReadingHistoryStorePersistenceTests.swift */ = {isa = PBXFileReference; lastKnownFileType = sourcecode.swift; path = ReadingHistoryStorePersistenceTests.swift; sourceTree = "<group>"; };
		2D4D68722B058E9F00C8EFAA /* ReadArticleDTO.swift */ = {isa = PBXFileReference; lastKnownFileType = sourcecode.swift; path = ReadArticleDTO.swift; sourceTree = "<group>"; };
		2D4D68742B0591B700C8EFAA /* DefaultPersistenceManagerIO.swift */ = {isa = PBXFileReference; lastKnownFileType = sourcecode.swift; path = DefaultPersistenceManagerIO.swift; sourceTree = "<group>"; };
		2D4D68992B09423D00C8EFAA /* AppIconView.swift */ = {isa = PBXFileReference; lastKnownFileType = sourcecode.swift; path = AppIconView.swift; sourceTree = "<group>"; };
		2D4D689D2B0955BA00C8EFAA /* AppIconDark@2x.png */ = {isa = PBXFileReference; lastKnownFileType = image.png; path = "AppIconDark@2x.png"; sourceTree = "<group>"; };
		2D4D689E2B0955BA00C8EFAA /* AppIconDark@3x.png */ = {isa = PBXFileReference; lastKnownFileType = image.png; path = "AppIconDark@3x.png"; sourceTree = "<group>"; };
		2D4D68A12B09561400C8EFAA /* Info.plist */ = {isa = PBXFileReference; lastKnownFileType = text.plist; path = Info.plist; sourceTree = "<group>"; };
		2D4D68A22B09571E00C8EFAA /* AppIconLight@3x.png */ = {isa = PBXFileReference; lastKnownFileType = image.png; path = "AppIconLight@3x.png"; sourceTree = "<group>"; };
		2D4D68A32B09571E00C8EFAA /* AppIconLight@2x.png */ = {isa = PBXFileReference; lastKnownFileType = image.png; path = "AppIconLight@2x.png"; sourceTree = "<group>"; };
		2D4D68A82B095D8000C8EFAA /* SettingsView.swift */ = {isa = PBXFileReference; lastKnownFileType = sourcecode.swift; path = SettingsView.swift; sourceTree = "<group>"; };
		2D4D68AA2B095DDB00C8EFAA /* SettingKeys.swift */ = {isa = PBXFileReference; lastKnownFileType = sourcecode.swift; path = SettingKeys.swift; sourceTree = "<group>"; };
		2D4D68AC2B09671600C8EFAA /* AppIconPickerView.swift */ = {isa = PBXFileReference; lastKnownFileType = sourcecode.swift; path = AppIconPickerView.swift; sourceTree = "<group>"; };
		2D4D68AE2B0968FF00C8EFAA /* AppIcon.swift */ = {isa = PBXFileReference; lastKnownFileType = sourcecode.swift; path = AppIcon.swift; sourceTree = "<group>"; };
		2D4D68B02B09696700C8EFAA /* AppIcon+Image.swift */ = {isa = PBXFileReference; lastKnownFileType = sourcecode.swift; path = "AppIcon+Image.swift"; sourceTree = "<group>"; };
		2D4D68B52B099C9B00C8EFAA /* AtomURLResolver */ = {isa = PBXFileReference; lastKnownFileType = wrapper; path = AtomURLResolver; sourceTree = "<group>"; };
		2D4D68BD2B09BB9400C8EFAA /* FeedPreviewer.swift */ = {isa = PBXFileReference; lastKnownFileType = sourcecode.swift; path = FeedPreviewer.swift; sourceTree = "<group>"; };
		2D4D68C02B0A60C500C8EFAA /* FeedPreviewerTests.swift */ = {isa = PBXFileReference; lastKnownFileType = sourcecode.swift; path = FeedPreviewerTests.swift; sourceTree = "<group>"; };
		2D52E61D2AFF02410089294A /* AtomReader.xctestplan */ = {isa = PBXFileReference; lastKnownFileType = text; path = AtomReader.xctestplan; sourceTree = "<group>"; };
		2DAA20332AFEC39D0098222E /* AtomReader.app */ = {isa = PBXFileReference; explicitFileType = wrapper.application; includeInIndex = 0; path = AtomReader.app; sourceTree = BUILT_PRODUCTS_DIR; };
		2DAA20362AFEC39D0098222E /* AtomReaderApp.swift */ = {isa = PBXFileReference; lastKnownFileType = sourcecode.swift; path = AtomReaderApp.swift; sourceTree = "<group>"; };
		2DAA20382AFEC39D0098222E /* ContentView.swift */ = {isa = PBXFileReference; lastKnownFileType = sourcecode.swift; path = ContentView.swift; sourceTree = "<group>"; };
		2DAA203A2AFEC39F0098222E /* Assets.xcassets */ = {isa = PBXFileReference; lastKnownFileType = folder.assetcatalog; path = Assets.xcassets; sourceTree = "<group>"; };
		2DAA203C2AFEC39F0098222E /* AtomReader.entitlements */ = {isa = PBXFileReference; lastKnownFileType = text.plist.entitlements; path = AtomReader.entitlements; sourceTree = "<group>"; };
		2DAA203E2AFEC39F0098222E /* Preview Assets.xcassets */ = {isa = PBXFileReference; lastKnownFileType = folder.assetcatalog; path = "Preview Assets.xcassets"; sourceTree = "<group>"; };
		2DAA20442AFEC39F0098222E /* AtomReaderTests.xctest */ = {isa = PBXFileReference; explicitFileType = wrapper.cfbundle; includeInIndex = 0; path = AtomReaderTests.xctest; sourceTree = BUILT_PRODUCTS_DIR; };
		2DAA20642AFEFB320098222E /* Article.swift */ = {isa = PBXFileReference; lastKnownFileType = sourcecode.swift; path = Article.swift; sourceTree = "<group>"; };
		2DAA20662AFEFB900098222E /* Feed.swift */ = {isa = PBXFileReference; lastKnownFileType = sourcecode.swift; path = Feed.swift; sourceTree = "<group>"; };
		2DAA20682AFEFD1C0098222E /* Store.swift */ = {isa = PBXFileReference; lastKnownFileType = sourcecode.swift; path = Store.swift; sourceTree = "<group>"; };
		2DAA206A2AFEFF110098222E /* StoreTests.swift */ = {isa = PBXFileReference; lastKnownFileType = sourcecode.swift; path = StoreTests.swift; sourceTree = "<group>"; };
/* End PBXFileReference section */

/* Begin PBXFrameworksBuildPhase section */
		2DAA20302AFEC39D0098222E /* Frameworks */ = {
			isa = PBXFrameworksBuildPhase;
			buildActionMask = 2147483647;
			files = (
				2D4D68492B017A2A00C8EFAA /* AtomParser in Frameworks */,
				2D4D68462B0176B500C8EFAA /* WebView in Frameworks */,
				2D4D68B82B099CCB00C8EFAA /* AtomURLResolver in Frameworks */,
				2D4D68132B012F7500C8EFAA /* WebView in Frameworks */,
				2DAA20632AFEC5EA0098222E /* AtomParser in Frameworks */,
			);
			runOnlyForDeploymentPostprocessing = 0;
		};
		2DAA20412AFEC39F0098222E /* Frameworks */ = {
			isa = PBXFrameworksBuildPhase;
			buildActionMask = 2147483647;
			files = (
			);
			runOnlyForDeploymentPostprocessing = 0;
		};
/* End PBXFrameworksBuildPhase section */

/* Begin PBXGroup section */
		2D4D67F42AFF2F7300C8EFAA /* Entities */ = {
			isa = PBXGroup;
			children = (
				2DAA20642AFEFB320098222E /* Article.swift */,
				2DAA20662AFEFB900098222E /* Feed.swift */,
				2D4D686C2B0585A600C8EFAA /* ReadArticle.swift */,
			);
			path = Entities;
			sourceTree = "<group>";
		};
		2D4D67F52AFF2F8200C8EFAA /* Business */ = {
			isa = PBXGroup;
			children = (
				2D4D68082B0078EE00C8EFAA /* Persistence */,
				2DAA20682AFEFD1C0098222E /* Store.swift */,
				2D4D686A2B05851A00C8EFAA /* ReadingHistoryStore.swift */,
				2D4D67EE2AFF231E00C8EFAA /* FeedProvider.swift */,
				2D4D67F02AFF29E500C8EFAA /* URLSessionBasedNetworkInterface.swift */,
				2D4D68BD2B09BB9400C8EFAA /* FeedPreviewer.swift */,
			);
			path = Business;
			sourceTree = "<group>";
		};
		2D4D67F62AFF2F9A00C8EFAA /* View */ = {
			isa = PBXGroup;
			children = (
				2D4D68392B014C9E00C8EFAA /* Actions */,
				2DAA20382AFEC39D0098222E /* ContentView.swift */,
				2D4D67F72AFF2FAF00C8EFAA /* ForEachFeed.swift */,
				2D4D68652B0576B700C8EFAA /* FeedRowView.swift */,
				2D4D67FD2AFF31B100C8EFAA /* ArticleListView.swift */,
				2D4D67FF2AFF31EB00C8EFAA /* ArticleRowView.swift */,
				2D4D681D2B01374A00C8EFAA /* ArticleFilterView.swift */,
				2D4D68A82B095D8000C8EFAA /* SettingsView.swift */,
				2D4D68AC2B09671600C8EFAA /* AppIconPickerView.swift */,
			);
			path = View;
			sourceTree = "<group>";
		};
		2D4D68012AFF329900C8EFAA /* Extensions */ = {
			isa = PBXGroup;
			children = (
				2D4D68022AFF32A600C8EFAA /* Store+View.swift */,
				2D4D68502B01D1D600C8EFAA /* Bundle+Helpers.swift */,
				2D4D68B02B09696700C8EFAA /* AppIcon+Image.swift */,
				2D4D685B2B031FB700C8EFAA /* Feed+Unknown.swift */,
				2D4D68672B05770C00C8EFAA /* Feed+View.swift */,
			);
			path = Extensions;
			sourceTree = "<group>";
		};
		2D4D68082B0078EE00C8EFAA /* Persistence */ = {
			isa = PBXGroup;
			children = (
				2D4D68062B00716500C8EFAA /* FileBasedPersistenceManager.swift */,
				2D4D68742B0591B700C8EFAA /* DefaultPersistenceManagerIO.swift */,
				2D4D68092B00790100C8EFAA /* FeedDTO.swift */,
				2D4D680B2B00795300C8EFAA /* ArticleDTO.swift */,
				2D4D68722B058E9F00C8EFAA /* ReadArticleDTO.swift */,
			);
			path = Persistence;
			sourceTree = "<group>";
		};
		2D4D68142B0134C100C8EFAA /* Misc */ = {
			isa = PBXGroup;
			children = (
				2D4D689C2B09557A00C8EFAA /* AppIcons */,
				2D4D68152B0134D100C8EFAA /* ArticleFilter.swift */,
				2D4D68372B014AD000C8EFAA /* AppActions.swift */,
				2D4D68AE2B0968FF00C8EFAA /* AppIcon.swift */,
				2D4D683C2B014FE500C8EFAA /* AppActionButton.swift */,
				2D4D684E2B01D17400C8EFAA /* Logging.swift */,
				2D4D68AA2B095DDB00C8EFAA /* SettingKeys.swift */,
			);
			path = Misc;
			sourceTree = "<group>";
		};
		2D4D68292B013DA300C8EFAA /* ViewModels */ = {
			isa = PBXGroup;
			children = (
				2D4D682A2B013DB800C8EFAA /* ArticleListViewModel.swift */,
			);
			path = ViewModels;
			sourceTree = "<group>";
		};
		2D4D682C2B01420300C8EFAA /* Business */ = {
			isa = PBXGroup;
			children = (
				2DAA206A2AFEFF110098222E /* StoreTests.swift */,
				2D4D68C02B0A60C500C8EFAA /* FeedPreviewerTests.swift */,
				2D2EE08B2AFF0600006C4E14 /* StorePersistenceTests.swift */,
				2D4D686E2B05876F00C8EFAA /* ReadingHistoryStoreTests.swift */,
				2D4D68702B058BE200C8EFAA /* ReadingHistoryStorePersistenceTests.swift */,
				2D4D68522B030C0600C8EFAA /* FeedProvider */,
			);
			path = Business;
			sourceTree = "<group>";
		};
		2D4D682D2B01421000C8EFAA /* ViewModel */ = {
			isa = PBXGroup;
			children = (
				2D4D682E2B01426400C8EFAA /* ArticleListViewModelTests.swift */,
			);
			path = ViewModel;
			sourceTree = "<group>";
		};
		2D4D68302B01456800C8EFAA /* TestingUtils */ = {
			isa = PBXGroup;
			children = (
				2D2EE08D2AFF0611006C4E14 /* TestData.swift */,
				2D4D68312B01457400C8EFAA /* MockDataProvider.swift */,
				2D4D68352B0145B000C8EFAA /* DelayedDataProvider.swift */,
				2D4D68332B01458F00C8EFAA /* Entities+CustomStringConvertable.swift */,
				2D4D68552B030C4A00C8EFAA /* MockNetworkInterface.swift */,
			);
			path = TestingUtils;
			sourceTree = "<group>";
		};
		2D4D68392B014C9E00C8EFAA /* Actions */ = {
			isa = PBXGroup;
			children = (
				2D4D68692B0579DB00C8EFAA /* AddFeed */,
				2D4D68602B05756000C8EFAA /* RenameFeed */,
				2D4D683E2B0151BA00C8EFAA /* OpenArticleAction.swift */,
				2D4D68402B01670D00C8EFAA /* RemoveFeedAction.swift */,
			);
			path = Actions;
			sourceTree = "<group>";
		};
		2D4D68522B030C0600C8EFAA /* FeedProvider */ = {
			isa = PBXGroup;
			children = (
				2D4D67F22AFF2A5900C8EFAA /* FeedProviderTests.swift */,
				2D4D68532B030C2500C8EFAA /* FeedProviderRSSParsingTests.swift */,
				2D4D68572B030C8300C8EFAA /* FeedProviderAtomParsingTests.swift */,
				2D4D68592B0313BD00C8EFAA /* FeedProviderUtilsTests.swift */,
			);
			path = FeedProvider;
			sourceTree = "<group>";
		};
		2D4D68602B05756000C8EFAA /* RenameFeed */ = {
			isa = PBXGroup;
			children = (
				2D4D685E2B056D0B00C8EFAA /* RenameFeedView.swift */,
				2D4D68612B05756F00C8EFAA /* RenameFeedAction.swift */,
			);
			path = RenameFeed;
			sourceTree = "<group>";
		};
		2D4D68692B0579DB00C8EFAA /* AddFeed */ = {
			isa = PBXGroup;
			children = (
				2D4D683A2B014CAE00C8EFAA /* AddFeedAction.swift */,
				2D4D68042B00669E00C8EFAA /* AddFeedView.swift */,
			);
			path = AddFeed;
			sourceTree = "<group>";
		};
		2D4D689B2B09501300C8EFAA /* Debug */ = {
			isa = PBXGroup;
			children = (
				2D4D68992B09423D00C8EFAA /* AppIconView.swift */,
			);
			path = Debug;
			sourceTree = "<group>";
		};
		2D4D689C2B09557A00C8EFAA /* AppIcons */ = {
			isa = PBXGroup;
			children = (
				2D4D689D2B0955BA00C8EFAA /* AppIconDark@2x.png */,
				2D4D689E2B0955BA00C8EFAA /* AppIconDark@3x.png */,
				2D4D68A32B09571E00C8EFAA /* AppIconLight@2x.png */,
				2D4D68A22B09571E00C8EFAA /* AppIconLight@3x.png */,
			);
			path = AppIcons;
			sourceTree = "<group>";
		};
		2D4D68B62B099CCB00C8EFAA /* Frameworks */ = {
			isa = PBXGroup;
			children = (
			);
			name = Frameworks;
			sourceTree = "<group>";
		};
		2DAA202A2AFEC39D0098222E = {
			isa = PBXGroup;
			children = (
				2D52E61D2AFF02410089294A /* AtomReader.xctestplan */,
				2D4D684A2B017A6E00C8EFAA /* README.md */,
				2D4D68B52B099C9B00C8EFAA /* AtomURLResolver */,
				2DAA20352AFEC39D0098222E /* AtomReader */,
				2DAA20472AFEC39F0098222E /* AtomReaderTests */,
				2DAA20342AFEC39D0098222E /* Products */,
				2D4D68B62B099CCB00C8EFAA /* Frameworks */,
			);
			sourceTree = "<group>";
		};
		2DAA20342AFEC39D0098222E /* Products */ = {
			isa = PBXGroup;
			children = (
				2DAA20332AFEC39D0098222E /* AtomReader.app */,
				2DAA20442AFEC39F0098222E /* AtomReaderTests.xctest */,
			);
			name = Products;
			sourceTree = "<group>";
		};
		2DAA20352AFEC39D0098222E /* AtomReader */ = {
			isa = PBXGroup;
			children = (
				2D4D68A12B09561400C8EFAA /* Info.plist */,
				2D4D67F42AFF2F7300C8EFAA /* Entities */,
				2D4D67F52AFF2F8200C8EFAA /* Business */,
				2D4D68292B013DA300C8EFAA /* ViewModels */,
				2D4D67F62AFF2F9A00C8EFAA /* View */,
				2D4D68142B0134C100C8EFAA /* Misc */,
				2D4D68012AFF329900C8EFAA /* Extensions */,
				2DAA20362AFEC39D0098222E /* AtomReaderApp.swift */,
				2DAA203A2AFEC39F0098222E /* Assets.xcassets */,
				2DAA203C2AFEC39F0098222E /* AtomReader.entitlements */,
				2DAA203D2AFEC39F0098222E /* Preview Content */,
				2D4D689B2B09501300C8EFAA /* Debug */,
			);
			path = AtomReader;
			sourceTree = "<group>";
		};
		2DAA203D2AFEC39F0098222E /* Preview Content */ = {
			isa = PBXGroup;
			children = (
				2DAA203E2AFEC39F0098222E /* Preview Assets.xcassets */,
				2D4D681F2B01380C00C8EFAA /* Store+Previews.swift */,
				2D4D68272B013A3100C8EFAA /* View+PreviewStore.swift */,
				2D4D68212B01383500C8EFAA /* Feed+Preview.swift */,
				2D4D68232B0138A900C8EFAA /* Article+Preview.swift */,
				2D4D68252B01397A00C8EFAA /* PreviewStoreDataProvider.swift */,
			);
			path = "Preview Content";
			sourceTree = "<group>";
		};
		2DAA20472AFEC39F0098222E /* AtomReaderTests */ = {
			isa = PBXGroup;
			children = (
				2D4D682C2B01420300C8EFAA /* Business */,
				2D4D682D2B01421000C8EFAA /* ViewModel */,
				2D4D68302B01456800C8EFAA /* TestingUtils */,
			);
			path = AtomReaderTests;
			sourceTree = "<group>";
		};
/* End PBXGroup section */

/* Begin PBXNativeTarget section */
		2DAA20322AFEC39D0098222E /* AtomReader */ = {
			isa = PBXNativeTarget;
			buildConfigurationList = 2DAA20582AFEC39F0098222E /* Build configuration list for PBXNativeTarget "AtomReader" */;
			buildPhases = (
				2DAA202F2AFEC39D0098222E /* Sources */,
				2DAA20302AFEC39D0098222E /* Frameworks */,
				2DAA20312AFEC39D0098222E /* Resources */,
			);
			buildRules = (
			);
			dependencies = (
			);
			name = AtomReader;
			packageProductDependencies = (
				2DAA20622AFEC5EA0098222E /* AtomParser */,
				2D4D68122B012F7500C8EFAA /* WebView */,
				2D4D68452B0176B500C8EFAA /* WebView */,
				2D4D68482B017A2A00C8EFAA /* AtomParser */,
				2D4D68B72B099CCB00C8EFAA /* AtomURLResolver */,
			);
			productName = AtomReader;
			productReference = 2DAA20332AFEC39D0098222E /* AtomReader.app */;
			productType = "com.apple.product-type.application";
		};
		2DAA20432AFEC39F0098222E /* AtomReaderTests */ = {
			isa = PBXNativeTarget;
			buildConfigurationList = 2DAA205B2AFEC39F0098222E /* Build configuration list for PBXNativeTarget "AtomReaderTests" */;
			buildPhases = (
				2DAA20402AFEC39F0098222E /* Sources */,
				2DAA20412AFEC39F0098222E /* Frameworks */,
				2DAA20422AFEC39F0098222E /* Resources */,
			);
			buildRules = (
			);
			dependencies = (
				2DAA20462AFEC39F0098222E /* PBXTargetDependency */,
			);
			name = AtomReaderTests;
			productName = AtomReaderTests;
			productReference = 2DAA20442AFEC39F0098222E /* AtomReaderTests.xctest */;
			productType = "com.apple.product-type.bundle.unit-test";
		};
/* End PBXNativeTarget section */

/* Begin PBXProject section */
		2DAA202B2AFEC39D0098222E /* Project object */ = {
			isa = PBXProject;
			attributes = {
				BuildIndependentTargetsInParallel = 1;
				LastSwiftUpdateCheck = 1500;
				LastUpgradeCheck = 1500;
				TargetAttributes = {
					2DAA20322AFEC39D0098222E = {
						CreatedOnToolsVersion = 15.0.1;
					};
					2DAA20432AFEC39F0098222E = {
						CreatedOnToolsVersion = 15.0.1;
						TestTargetID = 2DAA20322AFEC39D0098222E;
					};
				};
			};
			buildConfigurationList = 2DAA202E2AFEC39D0098222E /* Build configuration list for PBXProject "AtomReader" */;
			compatibilityVersion = "Xcode 14.0";
			developmentRegion = en;
			hasScannedForEncodings = 0;
			knownRegions = (
				en,
				Base,
			);
			mainGroup = 2DAA202A2AFEC39D0098222E;
			packageReferences = (
				2D4D68442B0176B500C8EFAA /* XCRemoteSwiftPackageReference "WebView" */,
				2D4D68472B017A2A00C8EFAA /* XCRemoteSwiftPackageReference "AtomParser" */,
			);
			productRefGroup = 2DAA20342AFEC39D0098222E /* Products */;
			projectDirPath = "";
			projectRoot = "";
			targets = (
				2DAA20322AFEC39D0098222E /* AtomReader */,
				2DAA20432AFEC39F0098222E /* AtomReaderTests */,
			);
		};
/* End PBXProject section */

/* Begin PBXResourcesBuildPhase section */
		2DAA20312AFEC39D0098222E /* Resources */ = {
			isa = PBXResourcesBuildPhase;
			buildActionMask = 2147483647;
			files = (
				2D4D68A02B0955BA00C8EFAA /* AppIconDark@3x.png in Resources */,
				2D4D68A42B09571E00C8EFAA /* AppIconLight@3x.png in Resources */,
				2D4D68A52B09571E00C8EFAA /* AppIconLight@2x.png in Resources */,
				2DAA203F2AFEC39F0098222E /* Preview Assets.xcassets in Resources */,
				2D4D689F2B0955BA00C8EFAA /* AppIconDark@2x.png in Resources */,
				2DAA203B2AFEC39F0098222E /* Assets.xcassets in Resources */,
			);
			runOnlyForDeploymentPostprocessing = 0;
		};
		2DAA20422AFEC39F0098222E /* Resources */ = {
			isa = PBXResourcesBuildPhase;
			buildActionMask = 2147483647;
			files = (
			);
			runOnlyForDeploymentPostprocessing = 0;
		};
/* End PBXResourcesBuildPhase section */

/* Begin PBXSourcesBuildPhase section */
		2DAA202F2AFEC39D0098222E /* Sources */ = {
			isa = PBXSourcesBuildPhase;
			buildActionMask = 2147483647;
			files = (
				2D4D68072B00716500C8EFAA /* FileBasedPersistenceManager.swift in Sources */,
				2D4D684F2B01D17400C8EFAA /* Logging.swift in Sources */,
				2D4D68162B0134D100C8EFAA /* ArticleFilter.swift in Sources */,
				2D4D683F2B0151BA00C8EFAA /* OpenArticleAction.swift in Sources */,
				2D4D68512B01D1D600C8EFAA /* Bundle+Helpers.swift in Sources */,
				2D4D686B2B05851A00C8EFAA /* ReadingHistoryStore.swift in Sources */,
				2D4D68622B05756F00C8EFAA /* RenameFeedAction.swift in Sources */,
				2D4D68AF2B0968FF00C8EFAA /* AppIcon.swift in Sources */,
				2D4D68052B00669E00C8EFAA /* AddFeedView.swift in Sources */,
				2D4D68222B01383500C8EFAA /* Feed+Preview.swift in Sources */,
				2D4D67FE2AFF31B100C8EFAA /* ArticleListView.swift in Sources */,
				2D4D68732B058E9F00C8EFAA /* ReadArticleDTO.swift in Sources */,
				2D4D68382B014AD000C8EFAA /* AppActions.swift in Sources */,
				2D4D68282B013A3100C8EFAA /* View+PreviewStore.swift in Sources */,
				2D4D680A2B00790100C8EFAA /* FeedDTO.swift in Sources */,
				2DAA20692AFEFD1C0098222E /* Store.swift in Sources */,
				2D4D68242B0138A900C8EFAA /* Article+Preview.swift in Sources */,
				2D4D680C2B00795300C8EFAA /* ArticleDTO.swift in Sources */,
				2D4D67F82AFF2FAF00C8EFAA /* ForEachFeed.swift in Sources */,
				2DAA20392AFEC39D0098222E /* ContentView.swift in Sources */,
				2D4D68662B0576B700C8EFAA /* FeedRowView.swift in Sources */,
				2D4D68AB2B095DDB00C8EFAA /* SettingKeys.swift in Sources */,
				2D4D68752B0591B700C8EFAA /* DefaultPersistenceManagerIO.swift in Sources */,
				2D4D68412B01670D00C8EFAA /* RemoveFeedAction.swift in Sources */,
				2D4D686D2B0585A600C8EFAA /* ReadArticle.swift in Sources */,
				2DAA20672AFEFB900098222E /* Feed.swift in Sources */,
				2D4D683B2B014CAE00C8EFAA /* AddFeedAction.swift in Sources */,
				2D4D68A92B095D8000C8EFAA /* SettingsView.swift in Sources */,
				2D4D683D2B014FE500C8EFAA /* AppActionButton.swift in Sources */,
				2D4D68002AFF31EB00C8EFAA /* ArticleRowView.swift in Sources */,
				2D4D68BE2B09BB9400C8EFAA /* FeedPreviewer.swift in Sources */,
				2D4D68262B01397A00C8EFAA /* PreviewStoreDataProvider.swift in Sources */,
				2D4D685F2B056D0B00C8EFAA /* RenameFeedView.swift in Sources */,
				2D4D68AD2B09671600C8EFAA /* AppIconPickerView.swift in Sources */,
				2DAA20372AFEC39D0098222E /* AtomReaderApp.swift in Sources */,
				2D4D67F12AFF29E500C8EFAA /* URLSessionBasedNetworkInterface.swift in Sources */,
				2D4D67EF2AFF231E00C8EFAA /* FeedProvider.swift in Sources */,
				2D4D68202B01380C00C8EFAA /* Store+Previews.swift in Sources */,
				2D4D68032AFF32A600C8EFAA /* Store+View.swift in Sources */,
				2D4D685C2B031FB700C8EFAA /* Feed+Unknown.swift in Sources */,
				2DAA20652AFEFB320098222E /* Article.swift in Sources */,
				2D4D681E2B01374A00C8EFAA /* ArticleFilterView.swift in Sources */,
				2D4D682B2B013DB800C8EFAA /* ArticleListViewModel.swift in Sources */,
				2D4D68B12B09696700C8EFAA /* AppIcon+Image.swift in Sources */,
				2D4D68682B05770C00C8EFAA /* Feed+View.swift in Sources */,
			);
			runOnlyForDeploymentPostprocessing = 0;
		};
		2DAA20402AFEC39F0098222E /* Sources */ = {
			isa = PBXSourcesBuildPhase;
			buildActionMask = 2147483647;
			files = (
				2D4D682F2B01426400C8EFAA /* ArticleListViewModelTests.swift in Sources */,
				2D4D68362B0145B000C8EFAA /* DelayedDataProvider.swift in Sources */,
				2D4D67F32AFF2A5900C8EFAA /* FeedProviderTests.swift in Sources */,
				2D4D68C12B0A60C500C8EFAA /* FeedPreviewerTests.swift in Sources */,
				2D4D68712B058BE200C8EFAA /* ReadingHistoryStorePersistenceTests.swift in Sources */,
				2D4D68342B01458F00C8EFAA /* Entities+CustomStringConvertable.swift in Sources */,
				2DAA206B2AFEFF110098222E /* StoreTests.swift in Sources */,
				2D4D68562B030C4A00C8EFAA /* MockNetworkInterface.swift in Sources */,
				2D2EE08E2AFF0611006C4E14 /* TestData.swift in Sources */,
				2D4D68322B01457400C8EFAA /* MockDataProvider.swift in Sources */,
				2D4D68542B030C2500C8EFAA /* FeedProviderRSSParsingTests.swift in Sources */,
				2D4D68582B030C8300C8EFAA /* FeedProviderAtomParsingTests.swift in Sources */,
				2D4D685A2B0313BD00C8EFAA /* FeedProviderUtilsTests.swift in Sources */,
				2D4D686F2B05876F00C8EFAA /* ReadingHistoryStoreTests.swift in Sources */,
				2D2EE08C2AFF0600006C4E14 /* StorePersistenceTests.swift in Sources */,
			);
			runOnlyForDeploymentPostprocessing = 0;
		};
/* End PBXSourcesBuildPhase section */

/* Begin PBXTargetDependency section */
		2DAA20462AFEC39F0098222E /* PBXTargetDependency */ = {
			isa = PBXTargetDependency;
			target = 2DAA20322AFEC39D0098222E /* AtomReader */;
			targetProxy = 2DAA20452AFEC39F0098222E /* PBXContainerItemProxy */;
		};
/* End PBXTargetDependency section */

/* Begin XCBuildConfiguration section */
		2DAA20562AFEC39F0098222E /* Debug */ = {
			isa = XCBuildConfiguration;
			buildSettings = {
				ALWAYS_SEARCH_USER_PATHS = NO;
				ASSETCATALOG_COMPILER_GENERATE_SWIFT_ASSET_SYMBOL_EXTENSIONS = YES;
				CLANG_ANALYZER_NONNULL = YES;
				CLANG_ANALYZER_NUMBER_OBJECT_CONVERSION = YES_AGGRESSIVE;
				CLANG_CXX_LANGUAGE_STANDARD = "gnu++20";
				CLANG_ENABLE_MODULES = YES;
				CLANG_ENABLE_OBJC_ARC = YES;
				CLANG_ENABLE_OBJC_WEAK = YES;
				CLANG_WARN_BLOCK_CAPTURE_AUTORELEASING = YES;
				CLANG_WARN_BOOL_CONVERSION = YES;
				CLANG_WARN_COMMA = YES;
				CLANG_WARN_CONSTANT_CONVERSION = YES;
				CLANG_WARN_DEPRECATED_OBJC_IMPLEMENTATIONS = YES;
				CLANG_WARN_DIRECT_OBJC_ISA_USAGE = YES_ERROR;
				CLANG_WARN_DOCUMENTATION_COMMENTS = YES;
				CLANG_WARN_EMPTY_BODY = YES;
				CLANG_WARN_ENUM_CONVERSION = YES;
				CLANG_WARN_INFINITE_RECURSION = YES;
				CLANG_WARN_INT_CONVERSION = YES;
				CLANG_WARN_NON_LITERAL_NULL_CONVERSION = YES;
				CLANG_WARN_OBJC_IMPLICIT_RETAIN_SELF = YES;
				CLANG_WARN_OBJC_LITERAL_CONVERSION = YES;
				CLANG_WARN_OBJC_ROOT_CLASS = YES_ERROR;
				CLANG_WARN_QUOTED_INCLUDE_IN_FRAMEWORK_HEADER = YES;
				CLANG_WARN_RANGE_LOOP_ANALYSIS = YES;
				CLANG_WARN_STRICT_PROTOTYPES = YES;
				CLANG_WARN_SUSPICIOUS_MOVE = YES;
				CLANG_WARN_UNGUARDED_AVAILABILITY = YES_AGGRESSIVE;
				CLANG_WARN_UNREACHABLE_CODE = YES;
				CLANG_WARN__DUPLICATE_METHOD_MATCH = YES;
				COPY_PHASE_STRIP = NO;
				DEBUG_INFORMATION_FORMAT = dwarf;
				ENABLE_STRICT_OBJC_MSGSEND = YES;
				ENABLE_TESTABILITY = YES;
				ENABLE_USER_SCRIPT_SANDBOXING = YES;
				GCC_C_LANGUAGE_STANDARD = gnu17;
				GCC_DYNAMIC_NO_PIC = NO;
				GCC_NO_COMMON_BLOCKS = YES;
				GCC_OPTIMIZATION_LEVEL = 0;
				GCC_PREPROCESSOR_DEFINITIONS = (
					"DEBUG=1",
					"$(inherited)",
				);
				GCC_WARN_64_TO_32_BIT_CONVERSION = YES;
				GCC_WARN_ABOUT_RETURN_TYPE = YES_ERROR;
				GCC_WARN_UNDECLARED_SELECTOR = YES;
				GCC_WARN_UNINITIALIZED_AUTOS = YES_AGGRESSIVE;
				GCC_WARN_UNUSED_FUNCTION = YES;
				GCC_WARN_UNUSED_VARIABLE = YES;
				LOCALIZATION_PREFERS_STRING_CATALOGS = YES;
				MTL_ENABLE_DEBUG_INFO = INCLUDE_SOURCE;
				MTL_FAST_MATH = YES;
				ONLY_ACTIVE_ARCH = YES;
				SWIFT_ACTIVE_COMPILATION_CONDITIONS = "DEBUG $(inherited)";
				SWIFT_OPTIMIZATION_LEVEL = "-Onone";
			};
			name = Debug;
		};
		2DAA20572AFEC39F0098222E /* Release */ = {
			isa = XCBuildConfiguration;
			buildSettings = {
				ALWAYS_SEARCH_USER_PATHS = NO;
				ASSETCATALOG_COMPILER_GENERATE_SWIFT_ASSET_SYMBOL_EXTENSIONS = YES;
				CLANG_ANALYZER_NONNULL = YES;
				CLANG_ANALYZER_NUMBER_OBJECT_CONVERSION = YES_AGGRESSIVE;
				CLANG_CXX_LANGUAGE_STANDARD = "gnu++20";
				CLANG_ENABLE_MODULES = YES;
				CLANG_ENABLE_OBJC_ARC = YES;
				CLANG_ENABLE_OBJC_WEAK = YES;
				CLANG_WARN_BLOCK_CAPTURE_AUTORELEASING = YES;
				CLANG_WARN_BOOL_CONVERSION = YES;
				CLANG_WARN_COMMA = YES;
				CLANG_WARN_CONSTANT_CONVERSION = YES;
				CLANG_WARN_DEPRECATED_OBJC_IMPLEMENTATIONS = YES;
				CLANG_WARN_DIRECT_OBJC_ISA_USAGE = YES_ERROR;
				CLANG_WARN_DOCUMENTATION_COMMENTS = YES;
				CLANG_WARN_EMPTY_BODY = YES;
				CLANG_WARN_ENUM_CONVERSION = YES;
				CLANG_WARN_INFINITE_RECURSION = YES;
				CLANG_WARN_INT_CONVERSION = YES;
				CLANG_WARN_NON_LITERAL_NULL_CONVERSION = YES;
				CLANG_WARN_OBJC_IMPLICIT_RETAIN_SELF = YES;
				CLANG_WARN_OBJC_LITERAL_CONVERSION = YES;
				CLANG_WARN_OBJC_ROOT_CLASS = YES_ERROR;
				CLANG_WARN_QUOTED_INCLUDE_IN_FRAMEWORK_HEADER = YES;
				CLANG_WARN_RANGE_LOOP_ANALYSIS = YES;
				CLANG_WARN_STRICT_PROTOTYPES = YES;
				CLANG_WARN_SUSPICIOUS_MOVE = YES;
				CLANG_WARN_UNGUARDED_AVAILABILITY = YES_AGGRESSIVE;
				CLANG_WARN_UNREACHABLE_CODE = YES;
				CLANG_WARN__DUPLICATE_METHOD_MATCH = YES;
				COPY_PHASE_STRIP = NO;
				DEBUG_INFORMATION_FORMAT = "dwarf-with-dsym";
				ENABLE_NS_ASSERTIONS = NO;
				ENABLE_STRICT_OBJC_MSGSEND = YES;
				ENABLE_USER_SCRIPT_SANDBOXING = YES;
				GCC_C_LANGUAGE_STANDARD = gnu17;
				GCC_NO_COMMON_BLOCKS = YES;
				GCC_WARN_64_TO_32_BIT_CONVERSION = YES;
				GCC_WARN_ABOUT_RETURN_TYPE = YES_ERROR;
				GCC_WARN_UNDECLARED_SELECTOR = YES;
				GCC_WARN_UNINITIALIZED_AUTOS = YES_AGGRESSIVE;
				GCC_WARN_UNUSED_FUNCTION = YES;
				GCC_WARN_UNUSED_VARIABLE = YES;
				LOCALIZATION_PREFERS_STRING_CATALOGS = YES;
				MTL_ENABLE_DEBUG_INFO = NO;
				MTL_FAST_MATH = YES;
				SWIFT_COMPILATION_MODE = wholemodule;
			};
			name = Release;
		};
		2DAA20592AFEC39F0098222E /* Debug */ = {
			isa = XCBuildConfiguration;
			buildSettings = {
				ASSETCATALOG_COMPILER_APPICON_NAME = AppIcon;
				ASSETCATALOG_COMPILER_GLOBAL_ACCENT_COLOR_NAME = AccentColor;
				CODE_SIGN_ENTITLEMENTS = AtomReader/AtomReader.entitlements;
				CODE_SIGN_STYLE = Automatic;
				CURRENT_PROJECT_VERSION = 1;
				DEVELOPMENT_ASSET_PATHS = "\"AtomReader/Preview Content\"";
				DEVELOPMENT_TEAM = VGG5HAF3L7;
				ENABLE_HARDENED_RUNTIME = YES;
				ENABLE_PREVIEWS = YES;
				GENERATE_INFOPLIST_FILE = YES;
				INFOPLIST_FILE = AtomReader/Info.plist;
				INFOPLIST_KEY_CFBundleDisplayName = "Atom Reader";
				"INFOPLIST_KEY_UIApplicationSceneManifest_Generation[sdk=iphoneos*]" = YES;
				"INFOPLIST_KEY_UIApplicationSceneManifest_Generation[sdk=iphonesimulator*]" = YES;
				"INFOPLIST_KEY_UIApplicationSupportsIndirectInputEvents[sdk=iphoneos*]" = YES;
				"INFOPLIST_KEY_UIApplicationSupportsIndirectInputEvents[sdk=iphonesimulator*]" = YES;
				"INFOPLIST_KEY_UILaunchScreen_Generation[sdk=iphoneos*]" = YES;
				"INFOPLIST_KEY_UILaunchScreen_Generation[sdk=iphonesimulator*]" = YES;
				"INFOPLIST_KEY_UIStatusBarStyle[sdk=iphoneos*]" = UIStatusBarStyleDefault;
				"INFOPLIST_KEY_UIStatusBarStyle[sdk=iphonesimulator*]" = UIStatusBarStyleDefault;
				INFOPLIST_KEY_UISupportedInterfaceOrientations_iPad = "UIInterfaceOrientationPortrait UIInterfaceOrientationPortraitUpsideDown UIInterfaceOrientationLandscapeLeft UIInterfaceOrientationLandscapeRight";
				INFOPLIST_KEY_UISupportedInterfaceOrientations_iPhone = "UIInterfaceOrientationPortrait UIInterfaceOrientationLandscapeLeft UIInterfaceOrientationLandscapeRight";
				IPHONEOS_DEPLOYMENT_TARGET = 17.0;
				LD_RUNPATH_SEARCH_PATHS = "@executable_path/Frameworks";
				"LD_RUNPATH_SEARCH_PATHS[sdk=macosx*]" = "@executable_path/../Frameworks";
				MACOSX_DEPLOYMENT_TARGET = 14.0;
				MARKETING_VERSION = 1.0;
				PRODUCT_BUNDLE_IDENTIFIER = com.sketch204.AtomReader;
				PRODUCT_NAME = "$(TARGET_NAME)";
				SDKROOT = auto;
				SUPPORTED_PLATFORMS = "iphoneos iphonesimulator macosx";
				SWIFT_EMIT_LOC_STRINGS = YES;
				SWIFT_VERSION = 5.0;
				TARGETED_DEVICE_FAMILY = "1,2";
			};
			name = Debug;
		};
		2DAA205A2AFEC39F0098222E /* Release */ = {
			isa = XCBuildConfiguration;
			buildSettings = {
				ASSETCATALOG_COMPILER_APPICON_NAME = AppIcon;
				ASSETCATALOG_COMPILER_GLOBAL_ACCENT_COLOR_NAME = AccentColor;
				CODE_SIGN_ENTITLEMENTS = AtomReader/AtomReader.entitlements;
				CODE_SIGN_STYLE = Automatic;
				CURRENT_PROJECT_VERSION = 1;
				DEVELOPMENT_ASSET_PATHS = "\"AtomReader/Preview Content\"";
				DEVELOPMENT_TEAM = VGG5HAF3L7;
				ENABLE_HARDENED_RUNTIME = YES;
				ENABLE_PREVIEWS = YES;
				GENERATE_INFOPLIST_FILE = YES;
				INFOPLIST_FILE = AtomReader/Info.plist;
				INFOPLIST_KEY_CFBundleDisplayName = "Atom Reader";
				"INFOPLIST_KEY_UIApplicationSceneManifest_Generation[sdk=iphoneos*]" = YES;
				"INFOPLIST_KEY_UIApplicationSceneManifest_Generation[sdk=iphonesimulator*]" = YES;
				"INFOPLIST_KEY_UIApplicationSupportsIndirectInputEvents[sdk=iphoneos*]" = YES;
				"INFOPLIST_KEY_UIApplicationSupportsIndirectInputEvents[sdk=iphonesimulator*]" = YES;
				"INFOPLIST_KEY_UILaunchScreen_Generation[sdk=iphoneos*]" = YES;
				"INFOPLIST_KEY_UILaunchScreen_Generation[sdk=iphonesimulator*]" = YES;
				"INFOPLIST_KEY_UIStatusBarStyle[sdk=iphoneos*]" = UIStatusBarStyleDefault;
				"INFOPLIST_KEY_UIStatusBarStyle[sdk=iphonesimulator*]" = UIStatusBarStyleDefault;
				INFOPLIST_KEY_UISupportedInterfaceOrientations_iPad = "UIInterfaceOrientationPortrait UIInterfaceOrientationPortraitUpsideDown UIInterfaceOrientationLandscapeLeft UIInterfaceOrientationLandscapeRight";
				INFOPLIST_KEY_UISupportedInterfaceOrientations_iPhone = "UIInterfaceOrientationPortrait UIInterfaceOrientationLandscapeLeft UIInterfaceOrientationLandscapeRight";
				IPHONEOS_DEPLOYMENT_TARGET = 17.0;
				LD_RUNPATH_SEARCH_PATHS = "@executable_path/Frameworks";
				"LD_RUNPATH_SEARCH_PATHS[sdk=macosx*]" = "@executable_path/../Frameworks";
				MACOSX_DEPLOYMENT_TARGET = 14.0;
				MARKETING_VERSION = 1.0;
				PRODUCT_BUNDLE_IDENTIFIER = com.sketch204.AtomReader;
				PRODUCT_NAME = "$(TARGET_NAME)";
				SDKROOT = auto;
				SUPPORTED_PLATFORMS = "iphoneos iphonesimulator macosx";
				SWIFT_EMIT_LOC_STRINGS = YES;
				SWIFT_VERSION = 5.0;
				TARGETED_DEVICE_FAMILY = "1,2";
			};
			name = Release;
		};
		2DAA205C2AFEC39F0098222E /* Debug */ = {
			isa = XCBuildConfiguration;
			buildSettings = {
				ALWAYS_EMBED_SWIFT_STANDARD_LIBRARIES = YES;
				BUNDLE_LOADER = "$(TEST_HOST)";
				CODE_SIGN_STYLE = Automatic;
				CURRENT_PROJECT_VERSION = 1;
				DEVELOPMENT_TEAM = VGG5HAF3L7;
				GENERATE_INFOPLIST_FILE = YES;
				IPHONEOS_DEPLOYMENT_TARGET = 17.0;
				MACOSX_DEPLOYMENT_TARGET = 14.0;
				MARKETING_VERSION = 1.0;
				PRODUCT_BUNDLE_IDENTIFIER = com.sketch204.AtomReaderTests;
				PRODUCT_NAME = "$(TARGET_NAME)";
				SDKROOT = auto;
				SUPPORTED_PLATFORMS = "iphoneos iphonesimulator macosx";
				SWIFT_EMIT_LOC_STRINGS = NO;
				SWIFT_VERSION = 5.0;
				TARGETED_DEVICE_FAMILY = "1,2";
				TEST_HOST = "$(BUILT_PRODUCTS_DIR)/AtomReader.app/$(BUNDLE_EXECUTABLE_FOLDER_PATH)/AtomReader";
			};
			name = Debug;
		};
		2DAA205D2AFEC39F0098222E /* Release */ = {
			isa = XCBuildConfiguration;
			buildSettings = {
				ALWAYS_EMBED_SWIFT_STANDARD_LIBRARIES = YES;
				BUNDLE_LOADER = "$(TEST_HOST)";
				CODE_SIGN_STYLE = Automatic;
				CURRENT_PROJECT_VERSION = 1;
				DEVELOPMENT_TEAM = VGG5HAF3L7;
				GENERATE_INFOPLIST_FILE = YES;
				IPHONEOS_DEPLOYMENT_TARGET = 17.0;
				MACOSX_DEPLOYMENT_TARGET = 14.0;
				MARKETING_VERSION = 1.0;
				PRODUCT_BUNDLE_IDENTIFIER = com.sketch204.AtomReaderTests;
				PRODUCT_NAME = "$(TARGET_NAME)";
				SDKROOT = auto;
				SUPPORTED_PLATFORMS = "iphoneos iphonesimulator macosx";
				SWIFT_EMIT_LOC_STRINGS = NO;
				SWIFT_VERSION = 5.0;
				TARGETED_DEVICE_FAMILY = "1,2";
				TEST_HOST = "$(BUILT_PRODUCTS_DIR)/AtomReader.app/$(BUNDLE_EXECUTABLE_FOLDER_PATH)/AtomReader";
			};
			name = Release;
		};
/* End XCBuildConfiguration section */

/* Begin XCConfigurationList section */
		2DAA202E2AFEC39D0098222E /* Build configuration list for PBXProject "AtomReader" */ = {
			isa = XCConfigurationList;
			buildConfigurations = (
				2DAA20562AFEC39F0098222E /* Debug */,
				2DAA20572AFEC39F0098222E /* Release */,
			);
			defaultConfigurationIsVisible = 0;
			defaultConfigurationName = Release;
		};
		2DAA20582AFEC39F0098222E /* Build configuration list for PBXNativeTarget "AtomReader" */ = {
			isa = XCConfigurationList;
			buildConfigurations = (
				2DAA20592AFEC39F0098222E /* Debug */,
				2DAA205A2AFEC39F0098222E /* Release */,
			);
			defaultConfigurationIsVisible = 0;
			defaultConfigurationName = Release;
		};
		2DAA205B2AFEC39F0098222E /* Build configuration list for PBXNativeTarget "AtomReaderTests" */ = {
			isa = XCConfigurationList;
			buildConfigurations = (
				2DAA205C2AFEC39F0098222E /* Debug */,
				2DAA205D2AFEC39F0098222E /* Release */,
			);
			defaultConfigurationIsVisible = 0;
			defaultConfigurationName = Release;
		};
/* End XCConfigurationList section */

/* Begin XCRemoteSwiftPackageReference section */
		2D4D68442B0176B500C8EFAA /* XCRemoteSwiftPackageReference "WebView" */ = {
			isa = XCRemoteSwiftPackageReference;
			repositoryURL = "https://github.com/sketch204/WebView/";
			requirement = {
				kind = upToNextMinorVersion;
				minimumVersion = 1.0.0;
			};
		};
		2D4D68472B017A2A00C8EFAA /* XCRemoteSwiftPackageReference "AtomParser" */ = {
			isa = XCRemoteSwiftPackageReference;
			repositoryURL = "https://github.com/sketch204/AtomParser";
			requirement = {
				kind = upToNextMinorVersion;
				minimumVersion = 1.1.0;
			};
		};
/* End XCRemoteSwiftPackageReference section */

/* Begin XCSwiftPackageProductDependency section */
		2D4D68122B012F7500C8EFAA /* WebView */ = {
			isa = XCSwiftPackageProductDependency;
			productName = WebView;
		};
		2D4D68452B0176B500C8EFAA /* WebView */ = {
			isa = XCSwiftPackageProductDependency;
			package = 2D4D68442B0176B500C8EFAA /* XCRemoteSwiftPackageReference "WebView" */;
			productName = WebView;
		};
		2D4D68482B017A2A00C8EFAA /* AtomParser */ = {
			isa = XCSwiftPackageProductDependency;
			package = 2D4D68472B017A2A00C8EFAA /* XCRemoteSwiftPackageReference "AtomParser" */;
			productName = AtomParser;
		};
		2D4D68B72B099CCB00C8EFAA /* AtomURLResolver */ = {
			isa = XCSwiftPackageProductDependency;
			productName = AtomURLResolver;
		};
		2DAA20622AFEC5EA0098222E /* AtomParser */ = {
			isa = XCSwiftPackageProductDependency;
			productName = AtomParser;
		};
/* End XCSwiftPackageProductDependency section */
	};
	rootObject = 2DAA202B2AFEC39D0098222E /* Project object */;
}
