{
  "pins" : [
    {
      "identity" : "atomparser",
      "kind" : "remoteSourceControl",
      "location" : "https://github.com/sketch204/AtomParser",
      "state" : {
        "revision" : "a6600c5929de432ccc11c14f04f300c0abfa4e16",
        "version" : "1.1.1"
      }
    },
    {
      "identity" : "atomxml",
      "kind" : "remoteSourceControl",
      "location" : "https://github.com/sketch204/AtomXML",
      "state" : {
        "revision" : "1c9756faad3923b505e4cb286b3f6d634aab182d",
        "version" : "1.0.1"
      }
    },
    {
      "identity" : "webview",
      "kind" : "remoteSourceControl",
      "location" : "https://github.com/sketch204/WebView/",
      "state" : {
        "revision" : "7d7224ae25897083dbbfd5a83c918a60b129224c",
        "version" : "1.0.1"
      }
    }
  ],
  "version" : 2
}
