{
  "pins" : [
    {
      "identity" : "atomparser",
      "kind" : "remoteSourceControl",
      "location" : "https://github.com/sketch204/AtomParser",
      "state" : {
        "revision" : "2a7e87737354abcc8af12cb0c246bdda3796d615",
        "version" : "1.1.0"
      }
    },
    {
      "identity" : "atomxml",
      "kind" : "remoteSourceControl",
      "location" : "https://github.com/sketch204/AtomXML",
      "state" : {
        "revision" : "7897a0cd99a34aef841f67db9fa627354a6d34e0",
        "version" : "1.0.0"
      }
    },
    {
      "identity" : "webview",
      "kind" : "remoteSourceControl",
      "location" : "https://github.com/sketch204/WebView/",
      "state" : {
        "revision" : "7d7224ae25897083dbbfd5a83c918a60b129224c",
        "version" : "1.0.1"
      }
    }
  ],
  "version" : 2
}
