{
  "pins" : [
    {
      "identity" : "atomparser",
      "kind" : "remoteSourceControl",
      "location" : "https://github.com/sketch204/AtomParser",
      "state" : {
        "revision" : "1da00c043cf29eaabf409e0e29cb5a46c7474b6d",
        "version" : "1.0.1"
      }
    },
    {
      "identity" : "webview",
      "kind" : "remoteSourceControl",
      "location" : "https://github.com/sketch204/WebView/",
      "state" : {
        "revision" : "7d7224ae25897083dbbfd5a83c918a60b129224c",
        "version" : "1.0.1"
      }
    }
  ],
  "version" : 2
}
